// !$*UTF8*$!
{
	archiveVersion = 1;
	classes = {
	};
	objectVersion = 46;
	objects = {

/* Begin PBXBuildFile section */
		222DD8BC1D48854700A70FA8 /* Animation.swift in Sources */ = {isa = PBXBuildFile; fileRef = 222DD84B1D48854600A70FA8 /* Animation.swift */; };
		222DD8BD1D48854700A70FA8 /* AppDelegate.m in Sources */ = {isa = PBXBuildFile; fileRef = 222DD84D1D48854600A70FA8 /* AppDelegate.m */; };
		222DD8C01D48854700A70FA8 /* Atlas.swift in Sources */ = {isa = PBXBuildFile; fileRef = 222DD8501D48854600A70FA8 /* Atlas.swift */; };
		222DD8C11D48854700A70FA8 /* Audio.swift in Sources */ = {isa = PBXBuildFile; fileRef = 222DD8511D48854600A70FA8 /* Audio.swift */; };
		222DD8C21D48854700A70FA8 /* AudioLibrary.m in Sources */ = {isa = PBXBuildFile; fileRef = 222DD8531D48854600A70FA8 /* AudioLibrary.m */; };
		222DD8C31D48854700A70FA8 /* Aux.swift in Sources */ = {isa = PBXBuildFile; fileRef = 222DD8541D48854600A70FA8 /* Aux.swift */; };
		222DD8CA1D48854700A70FA8 /* Bridge.m in Sources */ = {isa = PBXBuildFile; fileRef = 222DD85F1D48854600A70FA8 /* Bridge.m */; };
		222DD8CB1D48854700A70FA8 /* Broadphase.swift in Sources */ = {isa = PBXBuildFile; fileRef = 222DD8601D48854600A70FA8 /* Broadphase.swift */; };
		222DD8CC1D48854700A70FA8 /* Camera.swift in Sources */ = {isa = PBXBuildFile; fileRef = 222DD8611D48854600A70FA8 /* Camera.swift */; };
		222DD8CE1D48854700A70FA8 /* CirclePolygonSolver.swift in Sources */ = {isa = PBXBuildFile; fileRef = 222DD8631D48854600A70FA8 /* CirclePolygonSolver.swift */; };
		222DD8CF1D48854700A70FA8 /* CircleSolver.swift in Sources */ = {isa = PBXBuildFile; fileRef = 222DD8641D48854600A70FA8 /* CircleSolver.swift */; };
		222DD8D01D48854700A70FA8 /* Controller.swift in Sources */ = {isa = PBXBuildFile; fileRef = 222DD8651D48854600A70FA8 /* Controller.swift */; };
		222DD8D11D48854700A70FA8 /* core.swift in Sources */ = {isa = PBXBuildFile; fileRef = 222DD8661D48854600A70FA8 /* core.swift */; };
		222DD8D21D48854700A70FA8 /* CreationTypes.swift in Sources */ = {isa = PBXBuildFile; fileRef = 222DD8671D48854600A70FA8 /* CreationTypes.swift */; };
		222DD8D41D48854700A70FA8 /* DataTypes.swift in Sources */ = {isa = PBXBuildFile; fileRef = 222DD8691D48854600A70FA8 /* DataTypes.swift */; };
		222DD8D51D48854700A70FA8 /* Default.fsh in Resources */ = {isa = PBXBuildFile; fileRef = 222DD86A1D48854600A70FA8 /* Default.fsh */; };
		222DD8D61D48854700A70FA8 /* Default.vsh in Resources */ = {isa = PBXBuildFile; fileRef = 222DD86B1D48854600A70FA8 /* Default.vsh */; };
		222DD8D81D48854700A70FA8 /* DynamicText.m in Sources */ = {isa = PBXBuildFile; fileRef = 222DD86E1D48854600A70FA8 /* DynamicText.m */; };
		222DD8DC1D48854700A70FA8 /* Game.swift in Sources */ = {isa = PBXBuildFile; fileRef = 222DD8721D48854600A70FA8 /* Game.swift */; };
		222DD8DF1D48854700A70FA8 /* GameUI.swift in Sources */ = {isa = PBXBuildFile; fileRef = 222DD8751D48854600A70FA8 /* GameUI.swift */; };
		222DD8E01D48854700A70FA8 /* GameViewController.m in Sources */ = {isa = PBXBuildFile; fileRef = 222DD8771D48854600A70FA8 /* GameViewController.m */; };
		222DD8E31D48854700A70FA8 /* GeneralUI.swift in Sources */ = {isa = PBXBuildFile; fileRef = 222DD87A1D48854600A70FA8 /* GeneralUI.swift */; };
		222DD8E61D48854700A70FA8 /* GLTextureLoader.m in Sources */ = {isa = PBXBuildFile; fileRef = 222DD8801D48854700A70FA8 /* GLTextureLoader.m */; };
		222DD8E71D48854700A70FA8 /* GLVisualDisplay.m in Sources */ = {isa = PBXBuildFile; fileRef = 222DD8821D48854700A70FA8 /* GLVisualDisplay.m */; };
		222DD8E91D48854700A70FA8 /* Graphics.swift in Sources */ = {isa = PBXBuildFile; fileRef = 222DD8851D48854700A70FA8 /* Graphics.swift */; };
		222DD8EC1D48854700A70FA8 /* Interaction.swift in Sources */ = {isa = PBXBuildFile; fileRef = 222DD8891D48854700A70FA8 /* Interaction.swift */; };
		222DD8ED1D48854700A70FA8 /* Light.swift in Sources */ = {isa = PBXBuildFile; fileRef = 222DD88A1D48854700A70FA8 /* Light.swift */; };
		222DD8EE1D48854700A70FA8 /* Lighting.fsh in Resources */ = {isa = PBXBuildFile; fileRef = 222DD88B1D48854700A70FA8 /* Lighting.fsh */; };
		222DD8EF1D48854700A70FA8 /* Lighting.swift in Sources */ = {isa = PBXBuildFile; fileRef = 222DD88C1D48854700A70FA8 /* Lighting.swift */; };
		222DD8F01D48854700A70FA8 /* Lighting.vsh in Resources */ = {isa = PBXBuildFile; fileRef = 222DD88D1D48854700A70FA8 /* Lighting.vsh */; };
		222DD8F11D48854700A70FA8 /* main.m in Sources */ = {isa = PBXBuildFile; fileRef = 222DD88E1D48854700A70FA8 /* main.m */; };
		222DD8F71D48854700A70FA8 /* Physics.swift in Sources */ = {isa = PBXBuildFile; fileRef = 222DD8941D48854700A70FA8 /* Physics.swift */; };
		222DD8F91D48854700A70FA8 /* PolygonSolver.swift in Sources */ = {isa = PBXBuildFile; fileRef = 222DD8961D48854700A70FA8 /* PolygonSolver.swift */; };
		222DD9011D48854700A70FA8 /* Screens.swift in Sources */ = {isa = PBXBuildFile; fileRef = 222DD8A31D48854700A70FA8 /* Screens.swift */; };
		222DD9021D48854700A70FA8 /* Shader.m in Sources */ = {isa = PBXBuildFile; fileRef = 222DD8A51D48854700A70FA8 /* Shader.m */; };
		222DD9031D48854700A70FA8 /* ShaderLoader.m in Sources */ = {isa = PBXBuildFile; fileRef = 222DD8A71D48854700A70FA8 /* ShaderLoader.m */; };
		222DD9061D48854700A70FA8 /* Shapes.swift in Sources */ = {isa = PBXBuildFile; fileRef = 222DD8AB1D48854700A70FA8 /* Shapes.swift */; };
		222DD9071D48854700A70FA8 /* Solver.swift in Sources */ = {isa = PBXBuildFile; fileRef = 222DD8AC1D48854700A70FA8 /* Solver.swift */; };
		222DD9081D48854700A70FA8 /* StateDevice.swift in Sources */ = {isa = PBXBuildFile; fileRef = 222DD8AD1D48854700A70FA8 /* StateDevice.swift */; };
		222DD9091D48854700A70FA8 /* Texture.m in Sources */ = {isa = PBXBuildFile; fileRef = 222DD8AF1D48854700A70FA8 /* Texture.m */; };
		222DD90A1D48854700A70FA8 /* TextureReader.swift in Sources */ = {isa = PBXBuildFile; fileRef = 222DD8B01D48854700A70FA8 /* TextureReader.swift */; };
		222DD90B1D48854700A70FA8 /* TextureRepo.m in Sources */ = {isa = PBXBuildFile; fileRef = 222DD8B21D48854700A70FA8 /* TextureRepo.m */; };
		222DD90D1D48854700A70FA8 /* UserInterface.swift in Sources */ = {isa = PBXBuildFile; fileRef = 222DD8B41D48854700A70FA8 /* UserInterface.swift */; };
		222DD90E1D48854700A70FA8 /* Utlity.swift in Sources */ = {isa = PBXBuildFile; fileRef = 222DD8B51D48854700A70FA8 /* Utlity.swift */; };
		222DD9101D48854700A70FA8 /* Visual.swift in Sources */ = {isa = PBXBuildFile; fileRef = 222DD8B71D48854700A70FA8 /* Visual.swift */; };
		222DD9121D48854700A70FA8 /* VisualHelpers.swift in Sources */ = {isa = PBXBuildFile; fileRef = 222DD8B91D48854700A70FA8 /* VisualHelpers.swift */; };
		22722B9E1D4887A700BFA78A /* Launch Screen.storyboard in Resources */ = {isa = PBXBuildFile; fileRef = 22722B9D1D4887A700BFA78A /* Launch Screen.storyboard */; };
		22722BA01D4887B700BFA78A /* MainView.storyboard in Resources */ = {isa = PBXBuildFile; fileRef = 22722B9F1D4887B700BFA78A /* MainView.storyboard */; };
		22722BA21D488C5A00BFA78A /* OpenGLES.framework in Frameworks */ = {isa = PBXBuildFile; fileRef = 22722BA11D488C5A00BFA78A /* OpenGLES.framework */; };
		22722C171D488D2700BFA78A /* white.png in Resources */ = {isa = PBXBuildFile; fileRef = 22722BCC1D488D2700BFA78A /* white.png */; };
		22722C381D488D2700BFA78A /* FredokaOne-Regular.ttf in Resources */ = {isa = PBXBuildFile; fileRef = 22722BED1D488D2700BFA78A /* FredokaOne-Regular.ttf */; };
		22722C561D4897C600BFA78A /* Media.xcassets in Resources */ = {isa = PBXBuildFile; fileRef = 22722C551D4897C600BFA78A /* Media.xcassets */; };
		22A9F80C1D5806650097FD61 /* Display.swift in Sources */ = {isa = PBXBuildFile; fileRef = 22A9F80B1D5806650097FD61 /* Display.swift */; };
		22A9F80E1D5818DD0097FD61 /* Basic.swift in Sources */ = {isa = PBXBuildFile; fileRef = 22A9F80D1D5818DD0097FD61 /* Basic.swift */; };
		22BE5DBD1D66C1EC0038FAA8 /* Dreath.swift in Sources */ = {isa = PBXBuildFile; fileRef = 22BE5DBC1D66C1EC0038FAA8 /* Dreath.swift */; };
		22C2BCA81D59846C00C8F1D5 /* Sky_s_Melody_Tests.swift in Sources */ = {isa = PBXBuildFile; fileRef = 22C2BCA71D59846C00C8F1D5 /* Sky_s_Melody_Tests.swift */; };
		22C2BCB01D5D7C5600C8F1D5 /* Creator.swift in Sources */ = {isa = PBXBuildFile; fileRef = 22C2BCAF1D5D7C5600C8F1D5 /* Creator.swift */; };
		22C2BCB61D60244000C8F1D5 /* galaxy.png in Resources */ = {isa = PBXBuildFile; fileRef = 22C2BCB51D60244000C8F1D5 /* galaxy.png */; };
/* End PBXBuildFile section */

/* Begin PBXContainerItemProxy section */
		22C2BCAA1D59846C00C8F1D5 /* PBXContainerItemProxy */ = {
			isa = PBXContainerItemProxy;
			containerPortal = 222DD8281D48843100A70FA8 /* Project object */;
			proxyType = 1;
			remoteGlobalIDString = 222DD82F1D48843100A70FA8;
			remoteInfo = "Sky's Melody";
		};
/* End PBXContainerItemProxy section */

/* Begin PBXFileReference section */
		222DD8301D48843100A70FA8 /* Sky's Melody.app */ = {isa = PBXFileReference; explicitFileType = wrapper.application; includeInIndex = 0; path = "Sky's Melody.app"; sourceTree = BUILT_PRODUCTS_DIR; };
		222DD8431D48843100A70FA8 /* Info.plist */ = {isa = PBXFileReference; lastKnownFileType = text.plist.xml; path = Info.plist; sourceTree = "<group>"; };
		222DD84B1D48854600A70FA8 /* Animation.swift */ = {isa = PBXFileReference; fileEncoding = 4; lastKnownFileType = sourcecode.swift; path = Animation.swift; sourceTree = "<group>"; };
		222DD84C1D48854600A70FA8 /* AppDelegate.h */ = {isa = PBXFileReference; fileEncoding = 4; lastKnownFileType = sourcecode.c.h; path = AppDelegate.h; sourceTree = "<group>"; };
		222DD84D1D48854600A70FA8 /* AppDelegate.m */ = {isa = PBXFileReference; fileEncoding = 4; lastKnownFileType = sourcecode.c.objc; path = AppDelegate.m; sourceTree = "<group>"; };
		222DD8501D48854600A70FA8 /* Atlas.swift */ = {isa = PBXFileReference; fileEncoding = 4; lastKnownFileType = sourcecode.swift; path = Atlas.swift; sourceTree = "<group>"; };
		222DD8511D48854600A70FA8 /* Audio.swift */ = {isa = PBXFileReference; fileEncoding = 4; lastKnownFileType = sourcecode.swift; path = Audio.swift; sourceTree = "<group>"; };
		222DD8521D48854600A70FA8 /* AudioLibrary.h */ = {isa = PBXFileReference; fileEncoding = 4; lastKnownFileType = sourcecode.c.h; path = AudioLibrary.h; sourceTree = "<group>"; };
		222DD8531D48854600A70FA8 /* AudioLibrary.m */ = {isa = PBXFileReference; fileEncoding = 4; lastKnownFileType = sourcecode.c.objc; path = AudioLibrary.m; sourceTree = "<group>"; };
		222DD8541D48854600A70FA8 /* Aux.swift */ = {isa = PBXFileReference; fileEncoding = 4; lastKnownFileType = sourcecode.swift; path = Aux.swift; sourceTree = "<group>"; };
		222DD8571D48854600A70FA8 /* Base */ = {isa = PBXFileReference; lastKnownFileType = file.storyboard; name = Base; path = LaunchScreen.storyboard; sourceTree = "<group>"; };
		222DD8591D48854600A70FA8 /* Base */ = {isa = PBXFileReference; lastKnownFileType = file.storyboard; name = Base; path = Main.storyboard; sourceTree = "<group>"; };
		222DD85E1D48854600A70FA8 /* Bridge.h */ = {isa = PBXFileReference; fileEncoding = 4; lastKnownFileType = sourcecode.c.h; path = Bridge.h; sourceTree = "<group>"; };
		222DD85F1D48854600A70FA8 /* Bridge.m */ = {isa = PBXFileReference; fileEncoding = 4; lastKnownFileType = sourcecode.c.objc; path = Bridge.m; sourceTree = "<group>"; };
		222DD8601D48854600A70FA8 /* Broadphase.swift */ = {isa = PBXFileReference; fileEncoding = 4; lastKnownFileType = sourcecode.swift; path = Broadphase.swift; sourceTree = "<group>"; };
		222DD8611D48854600A70FA8 /* Camera.swift */ = {isa = PBXFileReference; fileEncoding = 4; lastKnownFileType = sourcecode.swift; path = Camera.swift; sourceTree = "<group>"; };
		222DD8631D48854600A70FA8 /* CirclePolygonSolver.swift */ = {isa = PBXFileReference; fileEncoding = 4; lastKnownFileType = sourcecode.swift; path = CirclePolygonSolver.swift; sourceTree = "<group>"; };
		222DD8641D48854600A70FA8 /* CircleSolver.swift */ = {isa = PBXFileReference; fileEncoding = 4; lastKnownFileType = sourcecode.swift; path = CircleSolver.swift; sourceTree = "<group>"; };
		222DD8651D48854600A70FA8 /* Controller.swift */ = {isa = PBXFileReference; fileEncoding = 4; lastKnownFileType = sourcecode.swift; path = Controller.swift; sourceTree = "<group>"; };
		222DD8661D48854600A70FA8 /* core.swift */ = {isa = PBXFileReference; fileEncoding = 4; lastKnownFileType = sourcecode.swift; path = core.swift; sourceTree = "<group>"; };
		222DD8671D48854600A70FA8 /* CreationTypes.swift */ = {isa = PBXFileReference; fileEncoding = 4; lastKnownFileType = sourcecode.swift; path = CreationTypes.swift; sourceTree = "<group>"; };
		222DD8691D48854600A70FA8 /* DataTypes.swift */ = {isa = PBXFileReference; fileEncoding = 4; lastKnownFileType = sourcecode.swift; path = DataTypes.swift; sourceTree = "<group>"; };
		222DD86A1D48854600A70FA8 /* Default.fsh */ = {isa = PBXFileReference; fileEncoding = 4; lastKnownFileType = sourcecode.glsl; path = Default.fsh; sourceTree = "<group>"; };
		222DD86B1D48854600A70FA8 /* Default.vsh */ = {isa = PBXFileReference; fileEncoding = 4; lastKnownFileType = sourcecode.glsl; path = Default.vsh; sourceTree = "<group>"; };
		222DD86D1D48854600A70FA8 /* DynamicText.h */ = {isa = PBXFileReference; fileEncoding = 4; lastKnownFileType = sourcecode.c.h; path = DynamicText.h; sourceTree = "<group>"; };
		222DD86E1D48854600A70FA8 /* DynamicText.m */ = {isa = PBXFileReference; fileEncoding = 4; lastKnownFileType = sourcecode.c.objc; path = DynamicText.m; sourceTree = "<group>"; };
		222DD8721D48854600A70FA8 /* Game.swift */ = {isa = PBXFileReference; fileEncoding = 4; lastKnownFileType = sourcecode.swift; path = Game.swift; sourceTree = "<group>"; };
		222DD8751D48854600A70FA8 /* GameUI.swift */ = {isa = PBXFileReference; fileEncoding = 4; lastKnownFileType = sourcecode.swift; path = GameUI.swift; sourceTree = "<group>"; };
		222DD8761D48854600A70FA8 /* GameViewController.h */ = {isa = PBXFileReference; fileEncoding = 4; lastKnownFileType = sourcecode.c.h; path = GameViewController.h; sourceTree = "<group>"; };
		222DD8771D48854600A70FA8 /* GameViewController.m */ = {isa = PBXFileReference; fileEncoding = 4; lastKnownFileType = sourcecode.c.objc; path = GameViewController.m; sourceTree = "<group>"; };
		222DD87A1D48854600A70FA8 /* GeneralUI.swift */ = {isa = PBXFileReference; fileEncoding = 4; lastKnownFileType = sourcecode.swift; path = GeneralUI.swift; sourceTree = "<group>"; };
		222DD87F1D48854600A70FA8 /* GLTextureLoader.h */ = {isa = PBXFileReference; fileEncoding = 4; lastKnownFileType = sourcecode.c.h; path = GLTextureLoader.h; sourceTree = "<group>"; };
		222DD8801D48854700A70FA8 /* GLTextureLoader.m */ = {isa = PBXFileReference; fileEncoding = 4; lastKnownFileType = sourcecode.c.objc; path = GLTextureLoader.m; sourceTree = "<group>"; };
		222DD8811D48854700A70FA8 /* GLVisualDisplay.h */ = {isa = PBXFileReference; fileEncoding = 4; lastKnownFileType = sourcecode.c.h; path = GLVisualDisplay.h; sourceTree = "<group>"; };
		222DD8821D48854700A70FA8 /* GLVisualDisplay.m */ = {isa = PBXFileReference; fileEncoding = 4; lastKnownFileType = sourcecode.c.objc; path = GLVisualDisplay.m; sourceTree = "<group>"; };
		222DD8851D48854700A70FA8 /* Graphics.swift */ = {isa = PBXFileReference; fileEncoding = 4; lastKnownFileType = sourcecode.swift; path = Graphics.swift; sourceTree = "<group>"; };
		222DD8891D48854700A70FA8 /* Interaction.swift */ = {isa = PBXFileReference; fileEncoding = 4; lastKnownFileType = sourcecode.swift; path = Interaction.swift; sourceTree = "<group>"; };
		222DD88A1D48854700A70FA8 /* Light.swift */ = {isa = PBXFileReference; fileEncoding = 4; lastKnownFileType = sourcecode.swift; path = Light.swift; sourceTree = "<group>"; };
		222DD88B1D48854700A70FA8 /* Lighting.fsh */ = {isa = PBXFileReference; fileEncoding = 4; lastKnownFileType = sourcecode.glsl; path = Lighting.fsh; sourceTree = "<group>"; };
		222DD88C1D48854700A70FA8 /* Lighting.swift */ = {isa = PBXFileReference; fileEncoding = 4; lastKnownFileType = sourcecode.swift; path = Lighting.swift; sourceTree = "<group>"; };
		222DD88D1D48854700A70FA8 /* Lighting.vsh */ = {isa = PBXFileReference; fileEncoding = 4; lastKnownFileType = sourcecode.glsl; path = Lighting.vsh; sourceTree = "<group>"; };
		222DD88E1D48854700A70FA8 /* main.m */ = {isa = PBXFileReference; fileEncoding = 4; lastKnownFileType = sourcecode.c.objc; path = main.m; sourceTree = "<group>"; };
		222DD8941D48854700A70FA8 /* Physics.swift */ = {isa = PBXFileReference; fileEncoding = 4; lastKnownFileType = sourcecode.swift; path = Physics.swift; sourceTree = "<group>"; };
		222DD8961D48854700A70FA8 /* PolygonSolver.swift */ = {isa = PBXFileReference; fileEncoding = 4; lastKnownFileType = sourcecode.swift; path = PolygonSolver.swift; sourceTree = "<group>"; };
		222DD89E1D48854700A70FA8 /* High Space-Bridging-Header.h */ = {isa = PBXFileReference; fileEncoding = 4; lastKnownFileType = sourcecode.c.h; path = "High Space-Bridging-Header.h"; sourceTree = "<group>"; };
		222DD89F1D48854700A70FA8 /* RawVisualDisplay.h */ = {isa = PBXFileReference; fileEncoding = 4; lastKnownFileType = sourcecode.c.h; path = RawVisualDisplay.h; sourceTree = "<group>"; };
		222DD8A31D48854700A70FA8 /* Screens.swift */ = {isa = PBXFileReference; fileEncoding = 4; lastKnownFileType = sourcecode.swift; path = Screens.swift; sourceTree = "<group>"; };
		222DD8A41D48854700A70FA8 /* Shader.h */ = {isa = PBXFileReference; fileEncoding = 4; lastKnownFileType = sourcecode.c.h; path = Shader.h; sourceTree = "<group>"; };
		222DD8A51D48854700A70FA8 /* Shader.m */ = {isa = PBXFileReference; fileEncoding = 4; lastKnownFileType = sourcecode.c.objc; path = Shader.m; sourceTree = "<group>"; };
		222DD8A61D48854700A70FA8 /* ShaderLoader.h */ = {isa = PBXFileReference; fileEncoding = 4; lastKnownFileType = sourcecode.c.h; path = ShaderLoader.h; sourceTree = "<group>"; };
		222DD8A71D48854700A70FA8 /* ShaderLoader.m */ = {isa = PBXFileReference; fileEncoding = 4; lastKnownFileType = sourcecode.c.objc; path = ShaderLoader.m; sourceTree = "<group>"; };
		222DD8AB1D48854700A70FA8 /* Shapes.swift */ = {isa = PBXFileReference; fileEncoding = 4; lastKnownFileType = sourcecode.swift; path = Shapes.swift; sourceTree = "<group>"; };
		222DD8AC1D48854700A70FA8 /* Solver.swift */ = {isa = PBXFileReference; fileEncoding = 4; lastKnownFileType = sourcecode.swift; path = Solver.swift; sourceTree = "<group>"; };
		222DD8AD1D48854700A70FA8 /* StateDevice.swift */ = {isa = PBXFileReference; fileEncoding = 4; lastKnownFileType = sourcecode.swift; path = StateDevice.swift; sourceTree = "<group>"; };
		222DD8AE1D48854700A70FA8 /* Texture.h */ = {isa = PBXFileReference; fileEncoding = 4; lastKnownFileType = sourcecode.c.h; path = Texture.h; sourceTree = "<group>"; };
		222DD8AF1D48854700A70FA8 /* Texture.m */ = {isa = PBXFileReference; fileEncoding = 4; lastKnownFileType = sourcecode.c.objc; path = Texture.m; sourceTree = "<group>"; };
		222DD8B01D48854700A70FA8 /* TextureReader.swift */ = {isa = PBXFileReference; fileEncoding = 4; lastKnownFileType = sourcecode.swift; path = TextureReader.swift; sourceTree = "<group>"; };
		222DD8B11D48854700A70FA8 /* TextureRepo.h */ = {isa = PBXFileReference; fileEncoding = 4; lastKnownFileType = sourcecode.c.h; path = TextureRepo.h; sourceTree = "<group>"; };
		222DD8B21D48854700A70FA8 /* TextureRepo.m */ = {isa = PBXFileReference; fileEncoding = 4; lastKnownFileType = sourcecode.c.objc; path = TextureRepo.m; sourceTree = "<group>"; };
		222DD8B41D48854700A70FA8 /* UserInterface.swift */ = {isa = PBXFileReference; fileEncoding = 4; lastKnownFileType = sourcecode.swift; path = UserInterface.swift; sourceTree = "<group>"; };
		222DD8B51D48854700A70FA8 /* Utlity.swift */ = {isa = PBXFileReference; fileEncoding = 4; lastKnownFileType = sourcecode.swift; path = Utlity.swift; sourceTree = "<group>"; };
		222DD8B71D48854700A70FA8 /* Visual.swift */ = {isa = PBXFileReference; fileEncoding = 4; lastKnownFileType = sourcecode.swift; path = Visual.swift; sourceTree = "<group>"; };
		222DD8B91D48854700A70FA8 /* VisualHelpers.swift */ = {isa = PBXFileReference; fileEncoding = 4; lastKnownFileType = sourcecode.swift; path = VisualHelpers.swift; sourceTree = "<group>"; };
		22722B9D1D4887A700BFA78A /* Launch Screen.storyboard */ = {isa = PBXFileReference; fileEncoding = 4; lastKnownFileType = file.storyboard; path = "Launch Screen.storyboard"; sourceTree = "<group>"; };
		22722B9F1D4887B700BFA78A /* MainView.storyboard */ = {isa = PBXFileReference; fileEncoding = 4; lastKnownFileType = file.storyboard; path = MainView.storyboard; sourceTree = "<group>"; };
		22722BA11D488C5A00BFA78A /* OpenGLES.framework */ = {isa = PBXFileReference; lastKnownFileType = wrapper.framework; name = OpenGLES.framework; path = System/Library/Frameworks/OpenGLES.framework; sourceTree = SDKROOT; };
		22722BCC1D488D2700BFA78A /* white.png */ = {isa = PBXFileReference; lastKnownFileType = image.png; path = white.png; sourceTree = "<group>"; };
		22722BED1D488D2700BFA78A /* FredokaOne-Regular.ttf */ = {isa = PBXFileReference; lastKnownFileType = file; path = "FredokaOne-Regular.ttf"; sourceTree = "<group>"; };
		22722C551D4897C600BFA78A /* Media.xcassets */ = {isa = PBXFileReference; lastKnownFileType = folder.assetcatalog; path = Media.xcassets; sourceTree = "<group>"; };
		22A9F80B1D5806650097FD61 /* Display.swift */ = {isa = PBXFileReference; fileEncoding = 4; lastKnownFileType = sourcecode.swift; path = Display.swift; sourceTree = "<group>"; };
		22A9F80D1D5818DD0097FD61 /* Basic.swift */ = {isa = PBXFileReference; fileEncoding = 4; lastKnownFileType = sourcecode.swift; path = Basic.swift; sourceTree = "<group>"; };
		22BE5DBC1D66C1EC0038FAA8 /* Dreath.swift */ = {isa = PBXFileReference; fileEncoding = 4; lastKnownFileType = sourcecode.swift; path = Dreath.swift; sourceTree = "<group>"; };
		22C2BCA51D59846B00C8F1D5 /* Sky's Melody Tests.xctest */ = {isa = PBXFileReference; explicitFileType = wrapper.cfbundle; includeInIndex = 0; path = "Sky's Melody Tests.xctest"; sourceTree = BUILT_PRODUCTS_DIR; };
		22C2BCA71D59846C00C8F1D5 /* Sky_s_Melody_Tests.swift */ = {isa = PBXFileReference; lastKnownFileType = sourcecode.swift; path = Sky_s_Melody_Tests.swift; sourceTree = "<group>"; };
		22C2BCA91D59846C00C8F1D5 /* Info.plist */ = {isa = PBXFileReference; lastKnownFileType = text.plist.xml; path = Info.plist; sourceTree = "<group>"; };
		22C2BCAF1D5D7C5600C8F1D5 /* Creator.swift */ = {isa = PBXFileReference; fileEncoding = 4; lastKnownFileType = sourcecode.swift; path = Creator.swift; sourceTree = "<group>"; };
		22C2BCB51D60244000C8F1D5 /* galaxy.png */ = {isa = PBXFileReference; lastKnownFileType = image.png; path = galaxy.png; sourceTree = "<group>"; };
/* End PBXFileReference section */

/* Begin PBXFrameworksBuildPhase section */
		222DD82D1D48843100A70FA8 /* Frameworks */ = {
			isa = PBXFrameworksBuildPhase;
			buildActionMask = 2147483647;
			files = (
				22722BA21D488C5A00BFA78A /* OpenGLES.framework in Frameworks */,
			);
			runOnlyForDeploymentPostprocessing = 0;
		};
		22C2BCA21D59846B00C8F1D5 /* Frameworks */ = {
			isa = PBXFrameworksBuildPhase;
			buildActionMask = 2147483647;
			files = (
			);
			runOnlyForDeploymentPostprocessing = 0;
		};
/* End PBXFrameworksBuildPhase section */

/* Begin PBXGroup section */
		222DD8271D48843100A70FA8 = {
			isa = PBXGroup;
			children = (
				22722BA11D488C5A00BFA78A /* OpenGLES.framework */,
				222DD8321D48843100A70FA8 /* Sky's Melody */,
				22C2BCA61D59846C00C8F1D5 /* Sky's Melody Tests */,
				222DD8311D48843100A70FA8 /* Products */,
			);
			sourceTree = "<group>";
		};
		222DD8311D48843100A70FA8 /* Products */ = {
			isa = PBXGroup;
			children = (
				222DD8301D48843100A70FA8 /* Sky's Melody.app */,
				22C2BCA51D59846B00C8F1D5 /* Sky's Melody Tests.xctest */,
			);
			name = Products;
			sourceTree = "<group>";
		};
		222DD8321D48843100A70FA8 /* Sky's Melody */ = {
			isa = PBXGroup;
			children = (
				229232551D5065FE00F47D02 /* audio */,
				2292324C1D50649100F47D02 /* media */,
				2292324A1D50646C00F47D02 /* elements */,
				222DD8431D48843100A70FA8 /* Info.plist */,
				222DD8551D48854600A70FA8 /* Base.lproj */,
				22722BED1D488D2700BFA78A /* FredokaOne-Regular.ttf */,
				22722B9D1D4887A700BFA78A /* Launch Screen.storyboard */,
				22722B9F1D4887B700BFA78A /* MainView.storyboard */,
				22722C551D4897C600BFA78A /* Media.xcassets */,
			);
			name = "Sky's Melody";
			path = "High Space";
			sourceTree = "<group>";
		};
		222DD8551D48854600A70FA8 /* Base.lproj */ = {
			isa = PBXGroup;
			children = (
				222DD8561D48854600A70FA8 /* LaunchScreen.storyboard */,
				222DD8581D48854600A70FA8 /* Main.storyboard */,
			);
			path = Base.lproj;
			sourceTree = "<group>";
		};
		2292324A1D50646C00F47D02 /* elements */ = {
			isa = PBXGroup;
			children = (
				229232541D5065C200F47D02 /* audio */,
				229232531D5065AD00F47D02 /* data */,
				229232521D50658D00F47D02 /* interface */,
				229232501D50650600F47D02 /* main */,
				229232511D50652900F47D02 /* terrain */,
				2292324F1D5064F800F47D02 /* control */,
				2292324E1D5064E400F47D02 /* physics */,
				2292324D1D5064B600F47D02 /* entity */,
				2292324B1D50647A00F47D02 /* graphics */,
			);
			name = elements;
			sourceTree = "<group>";
		};
		2292324B1D50647A00F47D02 /* graphics */ = {
			isa = PBXGroup;
			children = (
				2292325E1D52EF7F00F47D02 /* lighting */,
				2292325D1D52EF7100F47D02 /* text */,
				2292325C1D52EF5500F47D02 /* core */,
				2292325B1D52EF1A00F47D02 /* visual */,
				229232561D52ED5400F47D02 /* shaders */,
				229232571D52ED6700F47D02 /* texture */,
				222DD84B1D48854600A70FA8 /* Animation.swift */,
			);
			name = graphics;
			sourceTree = "<group>";
		};
		2292324C1D50649100F47D02 /* media */ = {
			isa = PBXGroup;
			children = (
				22722BCC1D488D2700BFA78A /* white.png */,
				22C2BCB51D60244000C8F1D5 /* galaxy.png */,
			);
			name = media;
			sourceTree = "<group>";
		};
		2292324D1D5064B600F47D02 /* entity */ = {
			isa = PBXGroup;
			children = (
				22A9F80D1D5818DD0097FD61 /* Basic.swift */,
				22BE5DBC1D66C1EC0038FAA8 /* Dreath.swift */,
			);
			name = entity;
			sourceTree = "<group>";
		};
		2292324E1D5064E400F47D02 /* physics */ = {
			isa = PBXGroup;
			children = (
				2292325F1D52F19700F47D02 /* solvers */,
				222DD8691D48854600A70FA8 /* DataTypes.swift */,
				222DD8601D48854600A70FA8 /* Broadphase.swift */,
				222DD8941D48854700A70FA8 /* Physics.swift */,
				222DD8AB1D48854700A70FA8 /* Shapes.swift */,
			);
			name = physics;
			sourceTree = "<group>";
		};
		2292324F1D5064F800F47D02 /* control */ = {
			isa = PBXGroup;
			children = (
				222DD8651D48854600A70FA8 /* Controller.swift */,
				222DD8891D48854700A70FA8 /* Interaction.swift */,
				222DD8611D48854600A70FA8 /* Camera.swift */,
			);
			name = control;
			sourceTree = "<group>";
		};
		229232501D50650600F47D02 /* main */ = {
			isa = PBXGroup;
			children = (
				229232601D52F1BD00F47D02 /* auxiliary */,
				222DD8661D48854600A70FA8 /* core.swift */,
				222DD8721D48854600A70FA8 /* Game.swift */,
				222DD8761D48854600A70FA8 /* GameViewController.h */,
				222DD8771D48854600A70FA8 /* GameViewController.m */,
			);
			name = main;
			sourceTree = "<group>";
		};
		229232511D50652900F47D02 /* terrain */ = {
			isa = PBXGroup;
			children = (
				222DD8671D48854600A70FA8 /* CreationTypes.swift */,
				222DD8A31D48854700A70FA8 /* Screens.swift */,
				222DD8AD1D48854700A70FA8 /* StateDevice.swift */,
				22C2BCAF1D5D7C5600C8F1D5 /* Creator.swift */,
			);
			name = terrain;
			sourceTree = "<group>";
		};
		229232521D50658D00F47D02 /* interface */ = {
			isa = PBXGroup;
			children = (
				222DD8751D48854600A70FA8 /* GameUI.swift */,
				222DD87A1D48854600A70FA8 /* GeneralUI.swift */,
				222DD8B41D48854700A70FA8 /* UserInterface.swift */,
			);
			name = interface;
			sourceTree = "<group>";
		};
		229232531D5065AD00F47D02 /* data */ = {
			isa = PBXGroup;
			children = (
			);
			name = data;
			sourceTree = "<group>";
		};
		229232541D5065C200F47D02 /* audio */ = {
			isa = PBXGroup;
			children = (
				222DD8521D48854600A70FA8 /* AudioLibrary.h */,
				222DD8531D48854600A70FA8 /* AudioLibrary.m */,
				222DD8511D48854600A70FA8 /* Audio.swift */,
			);
			name = audio;
			sourceTree = "<group>";
		};
		229232551D5065FE00F47D02 /* audio */ = {
			isa = PBXGroup;
			children = (
			);
			name = audio;
			sourceTree = "<group>";
		};
		229232561D52ED5400F47D02 /* shaders */ = {
			isa = PBXGroup;
			children = (
				229232591D52EE9F00F47D02 /* main */,
				2292325A1D52EEE200F47D02 /* glshaders */,
			);
			name = shaders;
			sourceTree = "<group>";
		};
		229232571D52ED6700F47D02 /* texture */ = {
			isa = PBXGroup;
			children = (
				222DD87F1D48854600A70FA8 /* GLTextureLoader.h */,
				222DD8801D48854700A70FA8 /* GLTextureLoader.m */,
				222DD8501D48854600A70FA8 /* Atlas.swift */,
				222DD8AE1D48854700A70FA8 /* Texture.h */,
				222DD8AF1D48854700A70FA8 /* Texture.m */,
				222DD8B01D48854700A70FA8 /* TextureReader.swift */,
				222DD8B11D48854700A70FA8 /* TextureRepo.h */,
				222DD8B21D48854700A70FA8 /* TextureRepo.m */,
			);
			name = texture;
			sourceTree = "<group>";
		};
		229232591D52EE9F00F47D02 /* main */ = {
			isa = PBXGroup;
			children = (
				222DD8A41D48854700A70FA8 /* Shader.h */,
				222DD8A51D48854700A70FA8 /* Shader.m */,
				222DD8A61D48854700A70FA8 /* ShaderLoader.h */,
				222DD8A71D48854700A70FA8 /* ShaderLoader.m */,
			);
			name = main;
			sourceTree = "<group>";
		};
		2292325A1D52EEE200F47D02 /* glshaders */ = {
			isa = PBXGroup;
			children = (
				222DD86A1D48854600A70FA8 /* Default.fsh */,
				222DD86B1D48854600A70FA8 /* Default.vsh */,
				222DD88B1D48854700A70FA8 /* Lighting.fsh */,
				222DD88D1D48854700A70FA8 /* Lighting.vsh */,
			);
			name = glshaders;
			sourceTree = "<group>";
		};
		2292325B1D52EF1A00F47D02 /* visual */ = {
			isa = PBXGroup;
			children = (
				222DD8B71D48854700A70FA8 /* Visual.swift */,
				222DD8B91D48854700A70FA8 /* VisualHelpers.swift */,
				222DD89F1D48854700A70FA8 /* RawVisualDisplay.h */,
				222DD8811D48854700A70FA8 /* GLVisualDisplay.h */,
				222DD8821D48854700A70FA8 /* GLVisualDisplay.m */,
				22A9F80B1D5806650097FD61 /* Display.swift */,
			);
			name = visual;
			sourceTree = "<group>";
		};
		2292325C1D52EF5500F47D02 /* core */ = {
			isa = PBXGroup;
			children = (
				222DD8851D48854700A70FA8 /* Graphics.swift */,
			);
			name = core;
			sourceTree = "<group>";
		};
		2292325D1D52EF7100F47D02 /* text */ = {
			isa = PBXGroup;
			children = (
				222DD86D1D48854600A70FA8 /* DynamicText.h */,
				222DD86E1D48854600A70FA8 /* DynamicText.m */,
			);
			name = text;
			sourceTree = "<group>";
		};
		2292325E1D52EF7F00F47D02 /* lighting */ = {
			isa = PBXGroup;
			children = (
				222DD88A1D48854700A70FA8 /* Light.swift */,
				222DD88C1D48854700A70FA8 /* Lighting.swift */,
			);
			name = lighting;
			sourceTree = "<group>";
		};
		2292325F1D52F19700F47D02 /* solvers */ = {
			isa = PBXGroup;
			children = (
				222DD8AC1D48854700A70FA8 /* Solver.swift */,
				222DD8631D48854600A70FA8 /* CirclePolygonSolver.swift */,
				222DD8641D48854600A70FA8 /* CircleSolver.swift */,
				222DD8961D48854700A70FA8 /* PolygonSolver.swift */,
			);
			name = solvers;
			sourceTree = "<group>";
		};
		229232601D52F1BD00F47D02 /* auxiliary */ = {
			isa = PBXGroup;
			children = (
				222DD84C1D48854600A70FA8 /* AppDelegate.h */,
				222DD84D1D48854600A70FA8 /* AppDelegate.m */,
				222DD8541D48854600A70FA8 /* Aux.swift */,
				222DD8B51D48854700A70FA8 /* Utlity.swift */,
				222DD85E1D48854600A70FA8 /* Bridge.h */,
				222DD85F1D48854600A70FA8 /* Bridge.m */,
				222DD88E1D48854700A70FA8 /* main.m */,
				222DD89E1D48854700A70FA8 /* High Space-Bridging-Header.h */,
			);
			name = auxiliary;
			sourceTree = "<group>";
		};
		22C2BCA61D59846C00C8F1D5 /* Sky's Melody Tests */ = {
			isa = PBXGroup;
			children = (
				22C2BCA71D59846C00C8F1D5 /* Sky_s_Melody_Tests.swift */,
				22C2BCA91D59846C00C8F1D5 /* Info.plist */,
			);
			path = "Sky's Melody Tests";
			sourceTree = "<group>";
		};
/* End PBXGroup section */

/* Begin PBXNativeTarget section */
		222DD82F1D48843100A70FA8 /* Sky's Melody */ = {
			isa = PBXNativeTarget;
			buildConfigurationList = 222DD8461D48843100A70FA8 /* Build configuration list for PBXNativeTarget "Sky's Melody" */;
			buildPhases = (
				222DD82C1D48843100A70FA8 /* Sources */,
				222DD82D1D48843100A70FA8 /* Frameworks */,
				222DD82E1D48843100A70FA8 /* Resources */,
			);
			buildRules = (
			);
			dependencies = (
			);
			name = "Sky's Melody";
			productName = "High Space";
			productReference = 222DD8301D48843100A70FA8 /* Sky's Melody.app */;
			productType = "com.apple.product-type.application";
		};
		22C2BCA41D59846B00C8F1D5 /* Sky's Melody Tests */ = {
			isa = PBXNativeTarget;
			buildConfigurationList = 22C2BCAC1D59846C00C8F1D5 /* Build configuration list for PBXNativeTarget "Sky's Melody Tests" */;
			buildPhases = (
				22C2BCA11D59846B00C8F1D5 /* Sources */,
				22C2BCA21D59846B00C8F1D5 /* Frameworks */,
				22C2BCA31D59846B00C8F1D5 /* Resources */,
			);
			buildRules = (
			);
			dependencies = (
				22C2BCAB1D59846C00C8F1D5 /* PBXTargetDependency */,
			);
			name = "Sky's Melody Tests";
			productName = "Sky's Melody Tests";
			productReference = 22C2BCA51D59846B00C8F1D5 /* Sky's Melody Tests.xctest */;
			productType = "com.apple.product-type.bundle.unit-test";
		};
/* End PBXNativeTarget section */

/* Begin PBXProject section */
		222DD8281D48843100A70FA8 /* Project object */ = {
			isa = PBXProject;
			attributes = {
				LastSwiftUpdateCheck = 0730;
				LastUpgradeCheck = 0730;
				ORGANIZATIONNAME = "Chris Luttio";
				TargetAttributes = {
					222DD82F1D48843100A70FA8 = {
						CreatedOnToolsVersion = 7.3;
						DevelopmentTeam = 36J98TSRWU;
					};
					22C2BCA41D59846B00C8F1D5 = {
						CreatedOnToolsVersion = 7.3;
						TestTargetID = 222DD82F1D48843100A70FA8;
					};
				};
			};
			buildConfigurationList = 222DD82B1D48843100A70FA8 /* Build configuration list for PBXProject "Sky's Melody" */;
			compatibilityVersion = "Xcode 3.2";
			developmentRegion = English;
			hasScannedForEncodings = 0;
			knownRegions = (
				en,
				Base,
			);
			mainGroup = 222DD8271D48843100A70FA8;
			productRefGroup = 222DD8311D48843100A70FA8 /* Products */;
			projectDirPath = "";
			projectRoot = "";
			targets = (
				222DD82F1D48843100A70FA8 /* Sky's Melody */,
				22C2BCA41D59846B00C8F1D5 /* Sky's Melody Tests */,
			);
		};
/* End PBXProject section */

/* Begin PBXResourcesBuildPhase section */
		222DD82E1D48843100A70FA8 /* Resources */ = {
			isa = PBXResourcesBuildPhase;
			buildActionMask = 2147483647;
			files = (
				222DD8D51D48854700A70FA8 /* Default.fsh in Resources */,
				222DD8EE1D48854700A70FA8 /* Lighting.fsh in Resources */,
				22722C381D488D2700BFA78A /* FredokaOne-Regular.ttf in Resources */,
				22C2BCB61D60244000C8F1D5 /* galaxy.png in Resources */,
				22722BA01D4887B700BFA78A /* MainView.storyboard in Resources */,
				22722B9E1D4887A700BFA78A /* Launch Screen.storyboard in Resources */,
				222DD8D61D48854700A70FA8 /* Default.vsh in Resources */,
				22722C561D4897C600BFA78A /* Media.xcassets in Resources */,
				22722C171D488D2700BFA78A /* white.png in Resources */,
				222DD8F01D48854700A70FA8 /* Lighting.vsh in Resources */,
			);
			runOnlyForDeploymentPostprocessing = 0;
		};
		22C2BCA31D59846B00C8F1D5 /* Resources */ = {
			isa = PBXResourcesBuildPhase;
			buildActionMask = 2147483647;
			files = (
			);
			runOnlyForDeploymentPostprocessing = 0;
		};
/* End PBXResourcesBuildPhase section */

/* Begin PBXSourcesBuildPhase section */
		222DD82C1D48843100A70FA8 /* Sources */ = {
			isa = PBXSourcesBuildPhase;
			buildActionMask = 2147483647;
			files = (
				222DD8E61D48854700A70FA8 /* GLTextureLoader.m in Sources */,
				222DD8D41D48854700A70FA8 /* DataTypes.swift in Sources */,
				222DD8E01D48854700A70FA8 /* GameViewController.m in Sources */,
				222DD8E31D48854700A70FA8 /* GeneralUI.swift in Sources */,
				222DD8F11D48854700A70FA8 /* main.m in Sources */,
				222DD8C11D48854700A70FA8 /* Audio.swift in Sources */,
				222DD90B1D48854700A70FA8 /* TextureRepo.m in Sources */,
				222DD8C21D48854700A70FA8 /* AudioLibrary.m in Sources */,
				22A9F80C1D5806650097FD61 /* Display.swift in Sources */,
				222DD8F91D48854700A70FA8 /* PolygonSolver.swift in Sources */,
				222DD8CF1D48854700A70FA8 /* CircleSolver.swift in Sources */,
				222DD8C31D48854700A70FA8 /* Aux.swift in Sources */,
				222DD8EF1D48854700A70FA8 /* Lighting.swift in Sources */,
				222DD9121D48854700A70FA8 /* VisualHelpers.swift in Sources */,
				222DD9091D48854700A70FA8 /* Texture.m in Sources */,
				222DD8CB1D48854700A70FA8 /* Broadphase.swift in Sources */,
				222DD8C01D48854700A70FA8 /* Atlas.swift in Sources */,
				222DD9101D48854700A70FA8 /* Visual.swift in Sources */,
				222DD8CA1D48854700A70FA8 /* Bridge.m in Sources */,
				222DD8F71D48854700A70FA8 /* Physics.swift in Sources */,
				222DD8E91D48854700A70FA8 /* Graphics.swift in Sources */,
				222DD8DC1D48854700A70FA8 /* Game.swift in Sources */,
				222DD8BC1D48854700A70FA8 /* Animation.swift in Sources */,
				222DD9061D48854700A70FA8 /* Shapes.swift in Sources */,
				222DD8D21D48854700A70FA8 /* CreationTypes.swift in Sources */,
				222DD90A1D48854700A70FA8 /* TextureReader.swift in Sources */,
				222DD8CC1D48854700A70FA8 /* Camera.swift in Sources */,
				222DD8EC1D48854700A70FA8 /* Interaction.swift in Sources */,
				222DD8D81D48854700A70FA8 /* DynamicText.m in Sources */,
				222DD9071D48854700A70FA8 /* Solver.swift in Sources */,
				222DD8D11D48854700A70FA8 /* core.swift in Sources */,
				222DD8ED1D48854700A70FA8 /* Light.swift in Sources */,
				222DD8D01D48854700A70FA8 /* Controller.swift in Sources */,
				222DD8E71D48854700A70FA8 /* GLVisualDisplay.m in Sources */,
				222DD90D1D48854700A70FA8 /* UserInterface.swift in Sources */,
				22BE5DBD1D66C1EC0038FAA8 /* Dreath.swift in Sources */,
				222DD90E1D48854700A70FA8 /* Utlity.swift in Sources */,
				222DD8CE1D48854700A70FA8 /* CirclePolygonSolver.swift in Sources */,
				222DD9021D48854700A70FA8 /* Shader.m in Sources */,
				222DD9081D48854700A70FA8 /* StateDevice.swift in Sources */,
				22A9F80E1D5818DD0097FD61 /* Basic.swift in Sources */,
				222DD8BD1D48854700A70FA8 /* AppDelegate.m in Sources */,
				222DD9031D48854700A70FA8 /* ShaderLoader.m in Sources */,
				222DD9011D48854700A70FA8 /* Screens.swift in Sources */,
				22C2BCB01D5D7C5600C8F1D5 /* Creator.swift in Sources */,
				222DD8DF1D48854700A70FA8 /* GameUI.swift in Sources */,
			);
			runOnlyForDeploymentPostprocessing = 0;
		};
		22C2BCA11D59846B00C8F1D5 /* Sources */ = {
			isa = PBXSourcesBuildPhase;
			buildActionMask = 2147483647;
			files = (
				22C2BCA81D59846C00C8F1D5 /* Sky_s_Melody_Tests.swift in Sources */,
			);
			runOnlyForDeploymentPostprocessing = 0;
		};
/* End PBXSourcesBuildPhase section */

/* Begin PBXTargetDependency section */
		22C2BCAB1D59846C00C8F1D5 /* PBXTargetDependency */ = {
			isa = PBXTargetDependency;
			target = 222DD82F1D48843100A70FA8 /* Sky's Melody */;
			targetProxy = 22C2BCAA1D59846C00C8F1D5 /* PBXContainerItemProxy */;
		};
/* End PBXTargetDependency section */

/* Begin PBXVariantGroup section */
		222DD8561D48854600A70FA8 /* LaunchScreen.storyboard */ = {
			isa = PBXVariantGroup;
			children = (
				222DD8571D48854600A70FA8 /* Base */,
			);
			name = LaunchScreen.storyboard;
			sourceTree = "<group>";
		};
		222DD8581D48854600A70FA8 /* Main.storyboard */ = {
			isa = PBXVariantGroup;
			children = (
				222DD8591D48854600A70FA8 /* Base */,
			);
			name = Main.storyboard;
			sourceTree = "<group>";
		};
/* End PBXVariantGroup section */

/* Begin XCBuildConfiguration section */
		222DD8441D48843100A70FA8 /* Debug */ = {
			isa = XCBuildConfiguration;
			buildSettings = {
				ALWAYS_SEARCH_USER_PATHS = NO;
				CLANG_ANALYZER_NONNULL = YES;
				CLANG_CXX_LANGUAGE_STANDARD = "gnu++0x";
				CLANG_CXX_LIBRARY = "libc++";
				CLANG_ENABLE_MODULES = YES;
				CLANG_ENABLE_OBJC_ARC = YES;
				CLANG_WARN_BOOL_CONVERSION = YES;
				CLANG_WARN_CONSTANT_CONVERSION = YES;
				CLANG_WARN_DIRECT_OBJC_ISA_USAGE = YES_ERROR;
				CLANG_WARN_EMPTY_BODY = YES;
				CLANG_WARN_ENUM_CONVERSION = YES;
				CLANG_WARN_INT_CONVERSION = YES;
				CLANG_WARN_OBJC_ROOT_CLASS = YES_ERROR;
				CLANG_WARN_UNREACHABLE_CODE = YES;
				CLANG_WARN__DUPLICATE_METHOD_MATCH = YES;
				"CODE_SIGN_IDENTITY[sdk=iphoneos*]" = "iPhone Developer";
				COPY_PHASE_STRIP = NO;
				DEBUG_INFORMATION_FORMAT = "dwarf-with-dsym";
				ENABLE_STRICT_OBJC_MSGSEND = YES;
				ENABLE_TESTABILITY = YES;
				GCC_C_LANGUAGE_STANDARD = gnu99;
				GCC_DYNAMIC_NO_PIC = NO;
				GCC_NO_COMMON_BLOCKS = YES;
				GCC_OPTIMIZATION_LEVEL = 0;
				GCC_PREPROCESSOR_DEFINITIONS = (
					"DEBUG=1",
					"$(inherited)",
				);
				GCC_WARN_64_TO_32_BIT_CONVERSION = YES;
				GCC_WARN_ABOUT_RETURN_TYPE = YES_ERROR;
				GCC_WARN_UNDECLARED_SELECTOR = YES;
				GCC_WARN_UNINITIALIZED_AUTOS = YES_AGGRESSIVE;
				GCC_WARN_UNUSED_FUNCTION = YES;
				GCC_WARN_UNUSED_VARIABLE = YES;
				IPHONEOS_DEPLOYMENT_TARGET = 9.3;
				MTL_ENABLE_DEBUG_INFO = YES;
				ONLY_ACTIVE_ARCH = YES;
				SDKROOT = iphoneos;
				SWIFT_OPTIMIZATION_LEVEL = "-Onone";
			};
			name = Debug;
		};
		222DD8451D48843100A70FA8 /* Release */ = {
			isa = XCBuildConfiguration;
			buildSettings = {
				ALWAYS_SEARCH_USER_PATHS = NO;
				CLANG_ANALYZER_NONNULL = YES;
				CLANG_CXX_LANGUAGE_STANDARD = "gnu++0x";
				CLANG_CXX_LIBRARY = "libc++";
				CLANG_ENABLE_MODULES = YES;
				CLANG_ENABLE_OBJC_ARC = YES;
				CLANG_WARN_BOOL_CONVERSION = YES;
				CLANG_WARN_CONSTANT_CONVERSION = YES;
				CLANG_WARN_DIRECT_OBJC_ISA_USAGE = YES_ERROR;
				CLANG_WARN_EMPTY_BODY = YES;
				CLANG_WARN_ENUM_CONVERSION = YES;
				CLANG_WARN_INT_CONVERSION = YES;
				CLANG_WARN_OBJC_ROOT_CLASS = YES_ERROR;
				CLANG_WARN_UNREACHABLE_CODE = YES;
				CLANG_WARN__DUPLICATE_METHOD_MATCH = YES;
				"CODE_SIGN_IDENTITY[sdk=iphoneos*]" = "iPhone Developer";
				COPY_PHASE_STRIP = NO;
				DEBUG_INFORMATION_FORMAT = "dwarf-with-dsym";
				ENABLE_NS_ASSERTIONS = NO;
				ENABLE_STRICT_OBJC_MSGSEND = YES;
				GCC_C_LANGUAGE_STANDARD = gnu99;
				GCC_NO_COMMON_BLOCKS = YES;
				GCC_WARN_64_TO_32_BIT_CONVERSION = YES;
				GCC_WARN_ABOUT_RETURN_TYPE = YES_ERROR;
				GCC_WARN_UNDECLARED_SELECTOR = YES;
				GCC_WARN_UNINITIALIZED_AUTOS = YES_AGGRESSIVE;
				GCC_WARN_UNUSED_FUNCTION = YES;
				GCC_WARN_UNUSED_VARIABLE = YES;
				IPHONEOS_DEPLOYMENT_TARGET = 9.3;
				MTL_ENABLE_DEBUG_INFO = NO;
				SDKROOT = iphoneos;
				VALIDATE_PRODUCT = YES;
			};
			name = Release;
		};
		222DD8471D48843100A70FA8 /* Debug */ = {
			isa = XCBuildConfiguration;
			buildSettings = {
				ASSETCATALOG_COMPILER_APPICON_NAME = AppIcon;
				CLANG_ENABLE_MODULES = YES;
				CODE_SIGN_IDENTITY = "iPhone Developer";
				INFOPLIST_FILE = "High Space/Info.plist";
				LD_RUNPATH_SEARCH_PATHS = "$(inherited) @executable_path/Frameworks";
				PRODUCT_BUNDLE_IDENTIFIER = "Chris-Luttio.High-Space";
				PRODUCT_NAME = "Sky's Melody";
				SWIFT_OBJC_BRIDGING_HEADER = "High Space/High Space-Bridging-Header.h";
				SWIFT_OPTIMIZATION_LEVEL = "-Onone";
			};
			name = Debug;
		};
		222DD8481D48843100A70FA8 /* Release */ = {
			isa = XCBuildConfiguration;
			buildSettings = {
				ASSETCATALOG_COMPILER_APPICON_NAME = AppIcon;
				CLANG_ENABLE_MODULES = YES;
				CODE_SIGN_IDENTITY = "iPhone Developer";
				INFOPLIST_FILE = "High Space/Info.plist";
				LD_RUNPATH_SEARCH_PATHS = "$(inherited) @executable_path/Frameworks";
				PRODUCT_BUNDLE_IDENTIFIER = "Chris-Luttio.High-Space";
				PRODUCT_NAME = "Sky's Melody";
				SWIFT_OBJC_BRIDGING_HEADER = "High Space/High Space-Bridging-Header.h";
			};
			name = Release;
		};
		22C2BCAD1D59846C00C8F1D5 /* Debug */ = {
			isa = XCBuildConfiguration;
			buildSettings = {
				BUNDLE_LOADER = "$(TEST_HOST)";
				DEBUG_INFORMATION_FORMAT = dwarf;
				INFOPLIST_FILE = "Sky's Melody Tests/Info.plist";
				LD_RUNPATH_SEARCH_PATHS = "$(inherited) @executable_path/Frameworks @loader_path/Frameworks";
				PRODUCT_BUNDLE_IDENTIFIER = "Chris-Luttio.Sky-s-Melody-Tests";
				PRODUCT_NAME = "$(TARGET_NAME)";
				TEST_HOST = "$(BUILT_PRODUCTS_DIR)/Sky's Melody.app/Sky's Melody";
			};
			name = Debug;
		};
		22C2BCAE1D59846C00C8F1D5 /* Release */ = {
			isa = XCBuildConfiguration;
			buildSettings = {
				BUNDLE_LOADER = "$(TEST_HOST)";
				INFOPLIST_FILE = "Sky's Melody Tests/Info.plist";
				LD_RUNPATH_SEARCH_PATHS = "$(inherited) @executable_path/Frameworks @loader_path/Frameworks";
				PRODUCT_BUNDLE_IDENTIFIER = "Chris-Luttio.Sky-s-Melody-Tests";
				PRODUCT_NAME = "$(TARGET_NAME)";
				TEST_HOST = "$(BUILT_PRODUCTS_DIR)/Sky's Melody.app/Sky's Melody";
			};
			name = Release;
		};
/* End XCBuildConfiguration section */

/* Begin XCConfigurationList section */
		222DD82B1D48843100A70FA8 /* Build configuration list for PBXProject "Sky's Melody" */ = {
			isa = XCConfigurationList;
			buildConfigurations = (
				222DD8441D48843100A70FA8 /* Debug */,
				222DD8451D48843100A70FA8 /* Release */,
			);
			defaultConfigurationIsVisible = 0;
			defaultConfigurationName = Release;
		};
		222DD8461D48843100A70FA8 /* Build configuration list for PBXNativeTarget "Sky's Melody" */ = {
			isa = XCConfigurationList;
			buildConfigurations = (
				222DD8471D48843100A70FA8 /* Debug */,
				222DD8481D48843100A70FA8 /* Release */,
			);
			defaultConfigurationIsVisible = 0;
			defaultConfigurationName = Release;
		};
		22C2BCAC1D59846C00C8F1D5 /* Build configuration list for PBXNativeTarget "Sky's Melody Tests" */ = {
			isa = XCConfigurationList;
			buildConfigurations = (
				22C2BCAD1D59846C00C8F1D5 /* Debug */,
				22C2BCAE1D59846C00C8F1D5 /* Release */,
			);
			defaultConfigurationIsVisible = 0;
			defaultConfigurationName = Release;
		};
/* End XCConfigurationList section */
	};
	rootObject = 222DD8281D48843100A70FA8 /* Project object */;
}
