// !$*UTF8*$!
{
	archiveVersion = 1;
	classes = {
	};
	objectVersion = 46;
	objects = {

/* Begin PBXBuildFile section */
		221A5F0C1D9866B5004B1516 /* Segan.ttf in Resources */ = {isa = PBXBuildFile; fileRef = 221A5F0B1D9866B5004B1516 /* Segan.ttf */; };
		221A5F0E1D986A39004B1516 /* Aaargh.ttf in Resources */ = {isa = PBXBuildFile; fileRef = 221A5F0D1D98695C004B1516 /* Aaargh.ttf */; };
		221A5F101D986B21004B1516 /* Adamina-Regular.ttf in Resources */ = {isa = PBXBuildFile; fileRef = 221A5F0F1D986A8C004B1516 /* Adamina-Regular.ttf */; };
		221A5F121D986C60004B1516 /* Metropolis-ExtraLight.otf in Resources */ = {isa = PBXBuildFile; fileRef = 221A5F111D986C57004B1516 /* Metropolis-ExtraLight.otf */; };
		221A5F141D9B67DE004B1516 /* InGameViews.swift in Sources */ = {isa = PBXBuildFile; fileRef = 221A5F131D9B67DE004B1516 /* InGameViews.swift */; };
		222DD8BC1D48854700A70FA8 /* Animation.swift in Sources */ = {isa = PBXBuildFile; fileRef = 222DD84B1D48854600A70FA8 /* Animation.swift */; };
		222DD8BD1D48854700A70FA8 /* AppDelegate.m in Sources */ = {isa = PBXBuildFile; fileRef = 222DD84D1D48854600A70FA8 /* AppDelegate.m */; };
		222DD8C01D48854700A70FA8 /* Atlas.swift in Sources */ = {isa = PBXBuildFile; fileRef = 222DD8501D48854600A70FA8 /* Atlas.swift */; };
		222DD8C11D48854700A70FA8 /* Audio.swift in Sources */ = {isa = PBXBuildFile; fileRef = 222DD8511D48854600A70FA8 /* Audio.swift */; };
		222DD8C21D48854700A70FA8 /* AudioLibrary.m in Sources */ = {isa = PBXBuildFile; fileRef = 222DD8531D48854600A70FA8 /* AudioLibrary.m */; };
		222DD8C31D48854700A70FA8 /* Aux.swift in Sources */ = {isa = PBXBuildFile; fileRef = 222DD8541D48854600A70FA8 /* Aux.swift */; };
		222DD8CA1D48854700A70FA8 /* Bridge.m in Sources */ = {isa = PBXBuildFile; fileRef = 222DD85F1D48854600A70FA8 /* Bridge.m */; };
		222DD8CB1D48854700A70FA8 /* Broadphase.swift in Sources */ = {isa = PBXBuildFile; fileRef = 222DD8601D48854600A70FA8 /* Broadphase.swift */; };
		222DD8CC1D48854700A70FA8 /* Camera.swift in Sources */ = {isa = PBXBuildFile; fileRef = 222DD8611D48854600A70FA8 /* Camera.swift */; };
		222DD8CE1D48854700A70FA8 /* CirclePolygonSolver.swift in Sources */ = {isa = PBXBuildFile; fileRef = 222DD8631D48854600A70FA8 /* CirclePolygonSolver.swift */; };
		222DD8CF1D48854700A70FA8 /* CircleSolver.swift in Sources */ = {isa = PBXBuildFile; fileRef = 222DD8641D48854600A70FA8 /* CircleSolver.swift */; };
		222DD8D01D48854700A70FA8 /* Controller.swift in Sources */ = {isa = PBXBuildFile; fileRef = 222DD8651D48854600A70FA8 /* Controller.swift */; };
		222DD8D11D48854700A70FA8 /* core.swift in Sources */ = {isa = PBXBuildFile; fileRef = 222DD8661D48854600A70FA8 /* core.swift */; };
		222DD8D21D48854700A70FA8 /* CreationTypes.swift in Sources */ = {isa = PBXBuildFile; fileRef = 222DD8671D48854600A70FA8 /* CreationTypes.swift */; };
		222DD8D41D48854700A70FA8 /* PhysicsTypes.swift in Sources */ = {isa = PBXBuildFile; fileRef = 222DD8691D48854600A70FA8 /* PhysicsTypes.swift */; };
		222DD8D51D48854700A70FA8 /* Default.fsh in Resources */ = {isa = PBXBuildFile; fileRef = 222DD86A1D48854600A70FA8 /* Default.fsh */; };
		222DD8D61D48854700A70FA8 /* Default.vsh in Resources */ = {isa = PBXBuildFile; fileRef = 222DD86B1D48854600A70FA8 /* Default.vsh */; };
		222DD8D81D48854700A70FA8 /* DynamicText.m in Sources */ = {isa = PBXBuildFile; fileRef = 222DD86E1D48854600A70FA8 /* DynamicText.m */; };
		222DD8DC1D48854700A70FA8 /* Game.swift in Sources */ = {isa = PBXBuildFile; fileRef = 222DD8721D48854600A70FA8 /* Game.swift */; };
		222DD8DF1D48854700A70FA8 /* GameUI.swift in Sources */ = {isa = PBXBuildFile; fileRef = 222DD8751D48854600A70FA8 /* GameUI.swift */; };
		222DD8E01D48854700A70FA8 /* GameViewController.m in Sources */ = {isa = PBXBuildFile; fileRef = 222DD8771D48854600A70FA8 /* GameViewController.m */; };
		222DD8E31D48854700A70FA8 /* GeneralUI.swift in Sources */ = {isa = PBXBuildFile; fileRef = 222DD87A1D48854600A70FA8 /* GeneralUI.swift */; };
		222DD8E61D48854700A70FA8 /* GLTextureLoader.m in Sources */ = {isa = PBXBuildFile; fileRef = 222DD8801D48854700A70FA8 /* GLTextureLoader.m */; };
		222DD8E71D48854700A70FA8 /* GLVisualDisplay.m in Sources */ = {isa = PBXBuildFile; fileRef = 222DD8821D48854700A70FA8 /* GLVisualDisplay.m */; };
		222DD8E91D48854700A70FA8 /* Graphics.swift in Sources */ = {isa = PBXBuildFile; fileRef = 222DD8851D48854700A70FA8 /* Graphics.swift */; };
		222DD8EC1D48854700A70FA8 /* Interaction.swift in Sources */ = {isa = PBXBuildFile; fileRef = 222DD8891D48854700A70FA8 /* Interaction.swift */; };
		222DD8ED1D48854700A70FA8 /* Light.swift in Sources */ = {isa = PBXBuildFile; fileRef = 222DD88A1D48854700A70FA8 /* Light.swift */; };
		222DD8EE1D48854700A70FA8 /* Lighting.fsh in Resources */ = {isa = PBXBuildFile; fileRef = 222DD88B1D48854700A70FA8 /* Lighting.fsh */; };
		222DD8EF1D48854700A70FA8 /* Lighting.swift in Sources */ = {isa = PBXBuildFile; fileRef = 222DD88C1D48854700A70FA8 /* Lighting.swift */; };
		222DD8F01D48854700A70FA8 /* Lighting.vsh in Resources */ = {isa = PBXBuildFile; fileRef = 222DD88D1D48854700A70FA8 /* Lighting.vsh */; };
		222DD8F11D48854700A70FA8 /* main.m in Sources */ = {isa = PBXBuildFile; fileRef = 222DD88E1D48854700A70FA8 /* main.m */; };
		222DD8F71D48854700A70FA8 /* Physics.swift in Sources */ = {isa = PBXBuildFile; fileRef = 222DD8941D48854700A70FA8 /* Physics.swift */; };
		222DD8F91D48854700A70FA8 /* PolygonSolver.swift in Sources */ = {isa = PBXBuildFile; fileRef = 222DD8961D48854700A70FA8 /* PolygonSolver.swift */; };
		222DD9011D48854700A70FA8 /* Screens.swift in Sources */ = {isa = PBXBuildFile; fileRef = 222DD8A31D48854700A70FA8 /* Screens.swift */; };
		222DD9021D48854700A70FA8 /* Shader.m in Sources */ = {isa = PBXBuildFile; fileRef = 222DD8A51D48854700A70FA8 /* Shader.m */; };
		222DD9031D48854700A70FA8 /* ShaderLoader.m in Sources */ = {isa = PBXBuildFile; fileRef = 222DD8A71D48854700A70FA8 /* ShaderLoader.m */; };
		222DD9061D48854700A70FA8 /* Shapes.swift in Sources */ = {isa = PBXBuildFile; fileRef = 222DD8AB1D48854700A70FA8 /* Shapes.swift */; };
		222DD9071D48854700A70FA8 /* Solver.swift in Sources */ = {isa = PBXBuildFile; fileRef = 222DD8AC1D48854700A70FA8 /* Solver.swift */; };
		222DD9081D48854700A70FA8 /* StateDevice.swift in Sources */ = {isa = PBXBuildFile; fileRef = 222DD8AD1D48854700A70FA8 /* StateDevice.swift */; };
		222DD9091D48854700A70FA8 /* Texture.m in Sources */ = {isa = PBXBuildFile; fileRef = 222DD8AF1D48854700A70FA8 /* Texture.m */; };
		222DD90A1D48854700A70FA8 /* TextureReader.swift in Sources */ = {isa = PBXBuildFile; fileRef = 222DD8B01D48854700A70FA8 /* TextureReader.swift */; };
		222DD90B1D48854700A70FA8 /* TextureRepo.m in Sources */ = {isa = PBXBuildFile; fileRef = 222DD8B21D48854700A70FA8 /* TextureRepo.m */; };
		222DD90D1D48854700A70FA8 /* UserInterface.swift in Sources */ = {isa = PBXBuildFile; fileRef = 222DD8B41D48854700A70FA8 /* UserInterface.swift */; };
		222DD90E1D48854700A70FA8 /* Utlity.swift in Sources */ = {isa = PBXBuildFile; fileRef = 222DD8B51D48854700A70FA8 /* Utlity.swift */; };
		222DD9101D48854700A70FA8 /* Visual.swift in Sources */ = {isa = PBXBuildFile; fileRef = 222DD8B71D48854700A70FA8 /* Visual.swift */; };
		222DD9121D48854700A70FA8 /* VisualHelpers.swift in Sources */ = {isa = PBXBuildFile; fileRef = 222DD8B91D48854700A70FA8 /* VisualHelpers.swift */; };
		22722B9E1D4887A700BFA78A /* Launch Screen.storyboard in Resources */ = {isa = PBXBuildFile; fileRef = 22722B9D1D4887A700BFA78A /* Launch Screen.storyboard */; };
		22722BA01D4887B700BFA78A /* MainView.storyboard in Resources */ = {isa = PBXBuildFile; fileRef = 22722B9F1D4887B700BFA78A /* MainView.storyboard */; };
		22722BA21D488C5A00BFA78A /* OpenGLES.framework in Frameworks */ = {isa = PBXBuildFile; fileRef = 22722BA11D488C5A00BFA78A /* OpenGLES.framework */; };
		22722C171D488D2700BFA78A /* white.png in Resources */ = {isa = PBXBuildFile; fileRef = 22722BCC1D488D2700BFA78A /* white.png */; };
		22722C561D4897C600BFA78A /* Media.xcassets in Resources */ = {isa = PBXBuildFile; fileRef = 22722C551D4897C600BFA78A /* Media.xcassets */; };
		227BF5F51D87C2F3006C3CEA /* Map.swift in Sources */ = {isa = PBXBuildFile; fileRef = 227BF5F41D87C2F3006C3CEA /* Map.swift */; };
		22A9F80C1D5806650097FD61 /* Display.swift in Sources */ = {isa = PBXBuildFile; fileRef = 22A9F80B1D5806650097FD61 /* Display.swift */; };
		22A9F80E1D5818DD0097FD61 /* Basic.swift in Sources */ = {isa = PBXBuildFile; fileRef = 22A9F80D1D5818DD0097FD61 /* Basic.swift */; };
		22B8C3581D7B6B1400806C16 /* GridTypes.swift in Sources */ = {isa = PBXBuildFile; fileRef = 22B8C3571D7B6B1400806C16 /* GridTypes.swift */; };
		22B8C35D1D7D302400806C16 /* spineboy.atlas in Resources */ = {isa = PBXBuildFile; fileRef = 22B8C35A1D7D302400806C16 /* spineboy.atlas */; };
		22B8C35F1D7D302400806C16 /* spineboy.png in Resources */ = {isa = PBXBuildFile; fileRef = 22B8C35C1D7D302400806C16 /* spineboy.png */; };
		22B8C3641D7D4DFC00806C16 /* SpineRenderer.m in Sources */ = {isa = PBXBuildFile; fileRef = 22B8C3631D7D4DFC00806C16 /* SpineRenderer.m */; };
		22B8C3661D81321C00806C16 /* SkeletonAdaptor.swift in Sources */ = {isa = PBXBuildFile; fileRef = 22B8C3651D81321C00806C16 /* SkeletonAdaptor.swift */; };
		22B8C3681D8262C400806C16 /* spineboy.json in Resources */ = {isa = PBXBuildFile; fileRef = 22B8C3671D8262C400806C16 /* spineboy.json */; };
		22B8C36A1D84F6E000806C16 /* shoot2.wav in Resources */ = {isa = PBXBuildFile; fileRef = 22B8C3691D84F6E000806C16 /* shoot2.wav */; };
		22B8C36C1D84F6EC00806C16 /* hit2.wav in Resources */ = {isa = PBXBuildFile; fileRef = 22B8C36B1D84F6EC00806C16 /* hit2.wav */; };
		22B8C3701D8521A300806C16 /* bullet.png in Resources */ = {isa = PBXBuildFile; fileRef = 22B8C36F1D8521A300806C16 /* bullet.png */; };
		22B8C3721D85424100806C16 /* hit4.wav in Resources */ = {isa = PBXBuildFile; fileRef = 22B8C3711D85424100806C16 /* hit4.wav */; };
		22B8C3741D85424600806C16 /* hit5.wav in Resources */ = {isa = PBXBuildFile; fileRef = 22B8C3731D85424600806C16 /* hit5.wav */; };
		22B8C3761D8544A900806C16 /* charge1.wav in Resources */ = {isa = PBXBuildFile; fileRef = 22B8C3751D8544A900806C16 /* charge1.wav */; };
		22B8C3781D85465400806C16 /* charge2.wav in Resources */ = {isa = PBXBuildFile; fileRef = 22B8C3771D85465400806C16 /* charge2.wav */; };
		22B8C37A1D85465B00806C16 /* hit6.wav in Resources */ = {isa = PBXBuildFile; fileRef = 22B8C3791D85465B00806C16 /* hit6.wav */; };
		22B8C37C1D8546D700806C16 /* hit7.wav in Resources */ = {isa = PBXBuildFile; fileRef = 22B8C37B1D8546D700806C16 /* hit7.wav */; };
		22B8C37E1D8669B200806C16 /* Level.swift in Sources */ = {isa = PBXBuildFile; fileRef = 22B8C37D1D8669B200806C16 /* Level.swift */; };
		22BE5DBD1D66C1EC0038FAA8 /* Dreath.swift in Sources */ = {isa = PBXBuildFile; fileRef = 22BE5DBC1D66C1EC0038FAA8 /* Dreath.swift */; };
		22BE5DBF1D6D3BE30038FAA8 /* Grid.swift in Sources */ = {isa = PBXBuildFile; fileRef = 22BE5DBE1D6D3BE30038FAA8 /* Grid.swift */; };
		22C2BCA81D59846C00C8F1D5 /* Sky_s_Melody_Tests.swift in Sources */ = {isa = PBXBuildFile; fileRef = 22C2BCA71D59846C00C8F1D5 /* Sky_s_Melody_Tests.swift */; };
		22C2BCB01D5D7C5600C8F1D5 /* Creator.swift in Sources */ = {isa = PBXBuildFile; fileRef = 22C2BCAF1D5D7C5600C8F1D5 /* Creator.swift */; };
		22C2BCB61D60244000C8F1D5 /* galaxy.png in Resources */ = {isa = PBXBuildFile; fileRef = 22C2BCB51D60244000C8F1D5 /* galaxy.png */; };
		22C4E5561D6FD39F0077DFCB /* Floater.png in Resources */ = {isa = PBXBuildFile; fileRef = 22C4E5551D6FD39F0077DFCB /* Floater.png */; };
		22C4E5581D6FF08F0077DFCB /* Quadtree.swift in Sources */ = {isa = PBXBuildFile; fileRef = 22C4E5571D6FF08F0077DFCB /* Quadtree.swift */; };
		22C4E55A1D7278350077DFCB /* RectSolver.swift in Sources */ = {isa = PBXBuildFile; fileRef = 22C4E5591D7278350077DFCB /* RectSolver.swift */; };
		22C4E55E1D728F2F0077DFCB /* Spawner.png in Resources */ = {isa = PBXBuildFile; fileRef = 22C4E55D1D728F2F0077DFCB /* Spawner.png */; };
		22C4E5601D72970C0077DFCB /* Colony.png in Resources */ = {isa = PBXBuildFile; fileRef = 22C4E55F1D72970C0077DFCB /* Colony.png */; };
		22C4E5621D73A9880077DFCB /* hit1.wav in Resources */ = {isa = PBXBuildFile; fileRef = 22C4E5611D73A9880077DFCB /* hit1.wav */; };
		22C4E5641D73A98E0077DFCB /* explosion1.wav in Resources */ = {isa = PBXBuildFile; fileRef = 22C4E5631D73A98E0077DFCB /* explosion1.wav */; };
		22C4E5661D73A9940077DFCB /* jump1.wav in Resources */ = {isa = PBXBuildFile; fileRef = 22C4E5651D73A9940077DFCB /* jump1.wav */; };
		22C4E5681D73A9990077DFCB /* make1.wav in Resources */ = {isa = PBXBuildFile; fileRef = 22C4E5671D73A9990077DFCB /* make1.wav */; };
		22C4E56A1D73A99D0077DFCB /* shield-re1.wav in Resources */ = {isa = PBXBuildFile; fileRef = 22C4E5691D73A99D0077DFCB /* shield-re1.wav */; };
		22C4E56C1D73A9A20077DFCB /* shoot1.wav in Resources */ = {isa = PBXBuildFile; fileRef = 22C4E56B1D73A9A20077DFCB /* shoot1.wav */; };
		22C4E56E1D750EA20077DFCB /* LightingSystem.swift in Sources */ = {isa = PBXBuildFile; fileRef = 22C4E56D1D750EA20077DFCB /* LightingSystem.swift */; };
		22C4E68C1D75552D0077DFCB /* .cproject in Resources */ = {isa = PBXBuildFile; fileRef = 22C4E63E1D75552D0077DFCB /* .cproject */; };
		22C4E68D1D75552D0077DFCB /* .project in Resources */ = {isa = PBXBuildFile; fileRef = 22C4E63F1D75552D0077DFCB /* .project */; };
		22C4E68E1D75552D0077DFCB /* org.eclipse.cdt.codan.core.prefs in Resources */ = {isa = PBXBuildFile; fileRef = 22C4E6411D75552D0077DFCB /* org.eclipse.cdt.codan.core.prefs */; };
		22C4E68F1D75552D0077DFCB /* org.eclipse.cdt.managedbuilder.core.prefs in Resources */ = {isa = PBXBuildFile; fileRef = 22C4E6421D75552D0077DFCB /* org.eclipse.cdt.managedbuilder.core.prefs */; };
		22C4E6901D75552D0077DFCB /* CMakeLists.txt in Resources */ = {isa = PBXBuildFile; fileRef = 22C4E6431D75552D0077DFCB /* CMakeLists.txt */; };
		22C4E6911D75552D0077DFCB /* LICENSE in Resources */ = {isa = PBXBuildFile; fileRef = 22C4E6661D75552D0077DFCB /* LICENSE */; };
		22C4E6921D75552D0077DFCB /* README.md in Sources */ = {isa = PBXBuildFile; fileRef = 22C4E6671D75552D0077DFCB /* README.md */; };
		22C4E6931D75552D0077DFCB /* Animation.c in Sources */ = {isa = PBXBuildFile; fileRef = 22C4E66A1D75552D0077DFCB /* Animation.c */; };
		22C4E6941D75552D0077DFCB /* AnimationState.c in Sources */ = {isa = PBXBuildFile; fileRef = 22C4E66B1D75552D0077DFCB /* AnimationState.c */; };
		22C4E6951D75552D0077DFCB /* AnimationStateData.c in Sources */ = {isa = PBXBuildFile; fileRef = 22C4E66C1D75552D0077DFCB /* AnimationStateData.c */; };
		22C4E6961D75552D0077DFCB /* Atlas.c in Sources */ = {isa = PBXBuildFile; fileRef = 22C4E66D1D75552D0077DFCB /* Atlas.c */; };
		22C4E6971D75552D0077DFCB /* AtlasAttachmentLoader.c in Sources */ = {isa = PBXBuildFile; fileRef = 22C4E66E1D75552D0077DFCB /* AtlasAttachmentLoader.c */; };
		22C4E6981D75552D0077DFCB /* Attachment.c in Sources */ = {isa = PBXBuildFile; fileRef = 22C4E66F1D75552D0077DFCB /* Attachment.c */; };
		22C4E6991D75552D0077DFCB /* AttachmentLoader.c in Sources */ = {isa = PBXBuildFile; fileRef = 22C4E6701D75552D0077DFCB /* AttachmentLoader.c */; };
		22C4E69A1D75552D0077DFCB /* Bone.c in Sources */ = {isa = PBXBuildFile; fileRef = 22C4E6711D75552D0077DFCB /* Bone.c */; };
		22C4E69B1D75552D0077DFCB /* BoneData.c in Sources */ = {isa = PBXBuildFile; fileRef = 22C4E6721D75552D0077DFCB /* BoneData.c */; };
		22C4E69C1D75552D0077DFCB /* BoundingBoxAttachment.c in Sources */ = {isa = PBXBuildFile; fileRef = 22C4E6731D75552D0077DFCB /* BoundingBoxAttachment.c */; };
		22C4E69D1D75552D0077DFCB /* Event.c in Sources */ = {isa = PBXBuildFile; fileRef = 22C4E6741D75552D0077DFCB /* Event.c */; };
		22C4E69E1D75552D0077DFCB /* EventData.c in Sources */ = {isa = PBXBuildFile; fileRef = 22C4E6751D75552D0077DFCB /* EventData.c */; };
		22C4E69F1D75552D0077DFCB /* extension.c in Sources */ = {isa = PBXBuildFile; fileRef = 22C4E6761D75552D0077DFCB /* extension.c */; };
		22C4E6A01D75552D0077DFCB /* IkConstraint.c in Sources */ = {isa = PBXBuildFile; fileRef = 22C4E6771D75552D0077DFCB /* IkConstraint.c */; };
		22C4E6A11D75552D0077DFCB /* IkConstraintData.c in Sources */ = {isa = PBXBuildFile; fileRef = 22C4E6781D75552D0077DFCB /* IkConstraintData.c */; };
		22C4E6A21D75552D0077DFCB /* Json.c in Sources */ = {isa = PBXBuildFile; fileRef = 22C4E6791D75552D0077DFCB /* Json.c */; };
		22C4E6A31D75552D0077DFCB /* MeshAttachment.c in Sources */ = {isa = PBXBuildFile; fileRef = 22C4E67C1D75552D0077DFCB /* MeshAttachment.c */; };
		22C4E6A41D75552D0077DFCB /* PathAttachment.c in Sources */ = {isa = PBXBuildFile; fileRef = 22C4E67D1D75552D0077DFCB /* PathAttachment.c */; };
		22C4E6A51D75552D0077DFCB /* PathConstraint.c in Sources */ = {isa = PBXBuildFile; fileRef = 22C4E67E1D75552D0077DFCB /* PathConstraint.c */; };
		22C4E6A61D75552D0077DFCB /* PathConstraintData.c in Sources */ = {isa = PBXBuildFile; fileRef = 22C4E67F1D75552D0077DFCB /* PathConstraintData.c */; };
		22C4E6A71D75552D0077DFCB /* RegionAttachment.c in Sources */ = {isa = PBXBuildFile; fileRef = 22C4E6801D75552D0077DFCB /* RegionAttachment.c */; };
		22C4E6A81D75552D0077DFCB /* Skeleton.c in Sources */ = {isa = PBXBuildFile; fileRef = 22C4E6811D75552D0077DFCB /* Skeleton.c */; };
		22C4E6A91D75552D0077DFCB /* SkeletonBinary.c in Sources */ = {isa = PBXBuildFile; fileRef = 22C4E6821D75552D0077DFCB /* SkeletonBinary.c */; };
		22C4E6AA1D75552D0077DFCB /* SkeletonBounds.c in Sources */ = {isa = PBXBuildFile; fileRef = 22C4E6831D75552D0077DFCB /* SkeletonBounds.c */; };
		22C4E6AB1D75552D0077DFCB /* SkeletonData.c in Sources */ = {isa = PBXBuildFile; fileRef = 22C4E6841D75552D0077DFCB /* SkeletonData.c */; };
		22C4E6AC1D75552D0077DFCB /* SkeletonJson.c in Sources */ = {isa = PBXBuildFile; fileRef = 22C4E6851D75552D0077DFCB /* SkeletonJson.c */; };
		22C4E6AD1D75552D0077DFCB /* Skin.c in Sources */ = {isa = PBXBuildFile; fileRef = 22C4E6861D75552D0077DFCB /* Skin.c */; };
		22C4E6AE1D75552D0077DFCB /* Slot.c in Sources */ = {isa = PBXBuildFile; fileRef = 22C4E6871D75552D0077DFCB /* Slot.c */; };
		22C4E6AF1D75552D0077DFCB /* SlotData.c in Sources */ = {isa = PBXBuildFile; fileRef = 22C4E6881D75552D0077DFCB /* SlotData.c */; };
		22C4E6B01D75552D0077DFCB /* TransformConstraint.c in Sources */ = {isa = PBXBuildFile; fileRef = 22C4E6891D75552D0077DFCB /* TransformConstraint.c */; };
		22C4E6B11D75552D0077DFCB /* TransformConstraintData.c in Sources */ = {isa = PBXBuildFile; fileRef = 22C4E68A1D75552D0077DFCB /* TransformConstraintData.c */; };
		22C4E6B21D75552D0077DFCB /* VertexAttachment.c in Sources */ = {isa = PBXBuildFile; fileRef = 22C4E68B1D75552D0077DFCB /* VertexAttachment.c */; };
		22C4E6B51D7557B00077DFCB /* SpineAdapter.m in Sources */ = {isa = PBXBuildFile; fileRef = 22C4E6B31D7557B00077DFCB /* SpineAdapter.m */; };
		22CA678E1D90E307007CB4D3 /* planet.png in Resources */ = {isa = PBXBuildFile; fileRef = 22CA678D1D90E307007CB4D3 /* planet.png */; };
		22CA67921D90E92E007CB4D3 /* rock.png in Resources */ = {isa = PBXBuildFile; fileRef = 22CA67911D90E92E007CB4D3 /* rock.png */; };
		22D31C141D94BFE800818AFA /* door.png in Resources */ = {isa = PBXBuildFile; fileRef = 22D31C131D94BFE800818AFA /* door.png */; };
		22D31C161D94CC6400818AFA /* starship.png in Resources */ = {isa = PBXBuildFile; fileRef = 22D31C151D94CC6400818AFA /* starship.png */; };
		22D31C181D94CD6600818AFA /* book.png in Resources */ = {isa = PBXBuildFile; fileRef = 22D31C171D94CD6600818AFA /* book.png */; };
		22D31C1B1D94D0DE00818AFA /* pickup1.wav in Resources */ = {isa = PBXBuildFile; fileRef = 22D31C191D94D0DE00818AFA /* pickup1.wav */; };
		22D31C1C1D94D0DE00818AFA /* pickup2.wav in Resources */ = {isa = PBXBuildFile; fileRef = 22D31C1A1D94D0DE00818AFA /* pickup2.wav */; };
		22D31C1E1D94D0E700818AFA /* jet1.wav in Resources */ = {isa = PBXBuildFile; fileRef = 22D31C1D1D94D0E700818AFA /* jet1.wav */; };
		22D31C201D94D0F200818AFA /* hit8.wav in Resources */ = {isa = PBXBuildFile; fileRef = 22D31C1F1D94D0F200818AFA /* hit8.wav */; };
		22D31C221D94D36300818AFA /* gem.png in Resources */ = {isa = PBXBuildFile; fileRef = 22D31C211D94D36300818AFA /* gem.png */; };
		22D31C241D94D58D00818AFA /* door1.wav in Resources */ = {isa = PBXBuildFile; fileRef = 22D31C231D94D58D00818AFA /* door1.wav */; };
		22D31C261D976AB500818AFA /* Items.swift in Sources */ = {isa = PBXBuildFile; fileRef = 22D31C251D976AB500818AFA /* Items.swift */; };
/* End PBXBuildFile section */

/* Begin PBXContainerItemProxy section */
		22C2BCAA1D59846C00C8F1D5 /* PBXContainerItemProxy */ = {
			isa = PBXContainerItemProxy;
			containerPortal = 222DD8281D48843100A70FA8 /* Project object */;
			proxyType = 1;
			remoteGlobalIDString = 222DD82F1D48843100A70FA8;
			remoteInfo = "Sky's Melody";
		};
/* End PBXContainerItemProxy section */

/* Begin PBXFileReference section */
		221A5F0B1D9866B5004B1516 /* Segan.ttf */ = {isa = PBXFileReference; lastKnownFileType = file; path = Segan.ttf; sourceTree = "<group>"; };
		221A5F0D1D98695C004B1516 /* Aaargh.ttf */ = {isa = PBXFileReference; lastKnownFileType = file; path = Aaargh.ttf; sourceTree = "<group>"; };
		221A5F0F1D986A8C004B1516 /* Adamina-Regular.ttf */ = {isa = PBXFileReference; lastKnownFileType = file; path = "Adamina-Regular.ttf"; sourceTree = "<group>"; };
		221A5F111D986C57004B1516 /* Metropolis-ExtraLight.otf */ = {isa = PBXFileReference; lastKnownFileType = file; path = "Metropolis-ExtraLight.otf"; sourceTree = "<group>"; };
		221A5F131D9B67DE004B1516 /* InGameViews.swift */ = {isa = PBXFileReference; fileEncoding = 4; lastKnownFileType = sourcecode.swift; path = InGameViews.swift; sourceTree = "<group>"; };
		222DD8301D48843100A70FA8 /* Defender.app */ = {isa = PBXFileReference; explicitFileType = wrapper.application; includeInIndex = 0; path = Defender.app; sourceTree = BUILT_PRODUCTS_DIR; };
		222DD8431D48843100A70FA8 /* Info.plist */ = {isa = PBXFileReference; lastKnownFileType = text.plist.xml; path = Info.plist; sourceTree = "<group>"; };
		222DD84B1D48854600A70FA8 /* Animation.swift */ = {isa = PBXFileReference; fileEncoding = 4; lastKnownFileType = sourcecode.swift; path = Animation.swift; sourceTree = "<group>"; };
		222DD84C1D48854600A70FA8 /* AppDelegate.h */ = {isa = PBXFileReference; fileEncoding = 4; lastKnownFileType = sourcecode.c.h; path = AppDelegate.h; sourceTree = "<group>"; };
		222DD84D1D48854600A70FA8 /* AppDelegate.m */ = {isa = PBXFileReference; fileEncoding = 4; lastKnownFileType = sourcecode.c.objc; path = AppDelegate.m; sourceTree = "<group>"; };
		222DD8501D48854600A70FA8 /* Atlas.swift */ = {isa = PBXFileReference; fileEncoding = 4; lastKnownFileType = sourcecode.swift; path = Atlas.swift; sourceTree = "<group>"; };
		222DD8511D48854600A70FA8 /* Audio.swift */ = {isa = PBXFileReference; fileEncoding = 4; lastKnownFileType = sourcecode.swift; path = Audio.swift; sourceTree = "<group>"; };
		222DD8521D48854600A70FA8 /* AudioLibrary.h */ = {isa = PBXFileReference; fileEncoding = 4; lastKnownFileType = sourcecode.c.h; path = AudioLibrary.h; sourceTree = "<group>"; };
		222DD8531D48854600A70FA8 /* AudioLibrary.m */ = {isa = PBXFileReference; fileEncoding = 4; lastKnownFileType = sourcecode.c.objc; path = AudioLibrary.m; sourceTree = "<group>"; };
		222DD8541D48854600A70FA8 /* Aux.swift */ = {isa = PBXFileReference; fileEncoding = 4; lastKnownFileType = sourcecode.swift; path = Aux.swift; sourceTree = "<group>"; };
		222DD85E1D48854600A70FA8 /* Bridge.h */ = {isa = PBXFileReference; fileEncoding = 4; lastKnownFileType = sourcecode.c.h; path = Bridge.h; sourceTree = "<group>"; };
		222DD85F1D48854600A70FA8 /* Bridge.m */ = {isa = PBXFileReference; fileEncoding = 4; lastKnownFileType = sourcecode.c.objc; path = Bridge.m; sourceTree = "<group>"; };
		222DD8601D48854600A70FA8 /* Broadphase.swift */ = {isa = PBXFileReference; fileEncoding = 4; lastKnownFileType = sourcecode.swift; path = Broadphase.swift; sourceTree = "<group>"; };
		222DD8611D48854600A70FA8 /* Camera.swift */ = {isa = PBXFileReference; fileEncoding = 4; lastKnownFileType = sourcecode.swift; path = Camera.swift; sourceTree = "<group>"; };
		222DD8631D48854600A70FA8 /* CirclePolygonSolver.swift */ = {isa = PBXFileReference; fileEncoding = 4; lastKnownFileType = sourcecode.swift; path = CirclePolygonSolver.swift; sourceTree = "<group>"; };
		222DD8641D48854600A70FA8 /* CircleSolver.swift */ = {isa = PBXFileReference; fileEncoding = 4; lastKnownFileType = sourcecode.swift; path = CircleSolver.swift; sourceTree = "<group>"; };
		222DD8651D48854600A70FA8 /* Controller.swift */ = {isa = PBXFileReference; fileEncoding = 4; lastKnownFileType = sourcecode.swift; path = Controller.swift; sourceTree = "<group>"; };
		222DD8661D48854600A70FA8 /* core.swift */ = {isa = PBXFileReference; fileEncoding = 4; lastKnownFileType = sourcecode.swift; path = core.swift; sourceTree = "<group>"; };
		222DD8671D48854600A70FA8 /* CreationTypes.swift */ = {isa = PBXFileReference; fileEncoding = 4; lastKnownFileType = sourcecode.swift; path = CreationTypes.swift; sourceTree = "<group>"; };
		222DD8691D48854600A70FA8 /* PhysicsTypes.swift */ = {isa = PBXFileReference; fileEncoding = 4; lastKnownFileType = sourcecode.swift; path = PhysicsTypes.swift; sourceTree = "<group>"; };
		222DD86A1D48854600A70FA8 /* Default.fsh */ = {isa = PBXFileReference; fileEncoding = 4; lastKnownFileType = sourcecode.glsl; path = Default.fsh; sourceTree = "<group>"; };
		222DD86B1D48854600A70FA8 /* Default.vsh */ = {isa = PBXFileReference; fileEncoding = 4; lastKnownFileType = sourcecode.glsl; path = Default.vsh; sourceTree = "<group>"; };
		222DD86D1D48854600A70FA8 /* DynamicText.h */ = {isa = PBXFileReference; fileEncoding = 4; lastKnownFileType = sourcecode.c.h; path = DynamicText.h; sourceTree = "<group>"; };
		222DD86E1D48854600A70FA8 /* DynamicText.m */ = {isa = PBXFileReference; fileEncoding = 4; lastKnownFileType = sourcecode.c.objc; path = DynamicText.m; sourceTree = "<group>"; };
		222DD8721D48854600A70FA8 /* Game.swift */ = {isa = PBXFileReference; fileEncoding = 4; lastKnownFileType = sourcecode.swift; path = Game.swift; sourceTree = "<group>"; };
		222DD8751D48854600A70FA8 /* GameUI.swift */ = {isa = PBXFileReference; fileEncoding = 4; lastKnownFileType = sourcecode.swift; path = GameUI.swift; sourceTree = "<group>"; };
		222DD8761D48854600A70FA8 /* GameViewController.h */ = {isa = PBXFileReference; fileEncoding = 4; lastKnownFileType = sourcecode.c.h; path = GameViewController.h; sourceTree = "<group>"; };
		222DD8771D48854600A70FA8 /* GameViewController.m */ = {isa = PBXFileReference; fileEncoding = 4; lastKnownFileType = sourcecode.c.objc; path = GameViewController.m; sourceTree = "<group>"; };
		222DD87A1D48854600A70FA8 /* GeneralUI.swift */ = {isa = PBXFileReference; fileEncoding = 4; lastKnownFileType = sourcecode.swift; path = GeneralUI.swift; sourceTree = "<group>"; };
		222DD87F1D48854600A70FA8 /* GLTextureLoader.h */ = {isa = PBXFileReference; fileEncoding = 4; lastKnownFileType = sourcecode.c.h; path = GLTextureLoader.h; sourceTree = "<group>"; };
		222DD8801D48854700A70FA8 /* GLTextureLoader.m */ = {isa = PBXFileReference; fileEncoding = 4; lastKnownFileType = sourcecode.c.objc; path = GLTextureLoader.m; sourceTree = "<group>"; };
		222DD8811D48854700A70FA8 /* GLVisualDisplay.h */ = {isa = PBXFileReference; fileEncoding = 4; lastKnownFileType = sourcecode.c.h; path = GLVisualDisplay.h; sourceTree = "<group>"; };
		222DD8821D48854700A70FA8 /* GLVisualDisplay.m */ = {isa = PBXFileReference; fileEncoding = 4; lastKnownFileType = sourcecode.c.objc; path = GLVisualDisplay.m; sourceTree = "<group>"; };
		222DD8851D48854700A70FA8 /* Graphics.swift */ = {isa = PBXFileReference; fileEncoding = 4; lastKnownFileType = sourcecode.swift; path = Graphics.swift; sourceTree = "<group>"; };
		222DD8891D48854700A70FA8 /* Interaction.swift */ = {isa = PBXFileReference; fileEncoding = 4; lastKnownFileType = sourcecode.swift; path = Interaction.swift; sourceTree = "<group>"; };
		222DD88A1D48854700A70FA8 /* Light.swift */ = {isa = PBXFileReference; fileEncoding = 4; lastKnownFileType = sourcecode.swift; path = Light.swift; sourceTree = "<group>"; };
		222DD88B1D48854700A70FA8 /* Lighting.fsh */ = {isa = PBXFileReference; fileEncoding = 4; lastKnownFileType = sourcecode.glsl; path = Lighting.fsh; sourceTree = "<group>"; };
		222DD88C1D48854700A70FA8 /* Lighting.swift */ = {isa = PBXFileReference; fileEncoding = 4; lastKnownFileType = sourcecode.swift; path = Lighting.swift; sourceTree = "<group>"; };
		222DD88D1D48854700A70FA8 /* Lighting.vsh */ = {isa = PBXFileReference; fileEncoding = 4; lastKnownFileType = sourcecode.glsl; path = Lighting.vsh; sourceTree = "<group>"; };
		222DD88E1D48854700A70FA8 /* main.m */ = {isa = PBXFileReference; fileEncoding = 4; lastKnownFileType = sourcecode.c.objc; path = main.m; sourceTree = "<group>"; };
		222DD8941D48854700A70FA8 /* Physics.swift */ = {isa = PBXFileReference; fileEncoding = 4; lastKnownFileType = sourcecode.swift; path = Physics.swift; sourceTree = "<group>"; };
		222DD8961D48854700A70FA8 /* PolygonSolver.swift */ = {isa = PBXFileReference; fileEncoding = 4; lastKnownFileType = sourcecode.swift; path = PolygonSolver.swift; sourceTree = "<group>"; };
		222DD89E1D48854700A70FA8 /* High Space-Bridging-Header.h */ = {isa = PBXFileReference; fileEncoding = 4; lastKnownFileType = sourcecode.c.h; path = "High Space-Bridging-Header.h"; sourceTree = "<group>"; };
		222DD89F1D48854700A70FA8 /* RawVisualDisplay.h */ = {isa = PBXFileReference; fileEncoding = 4; lastKnownFileType = sourcecode.c.h; path = RawVisualDisplay.h; sourceTree = "<group>"; };
		222DD8A31D48854700A70FA8 /* Screens.swift */ = {isa = PBXFileReference; fileEncoding = 4; lastKnownFileType = sourcecode.swift; path = Screens.swift; sourceTree = "<group>"; };
		222DD8A41D48854700A70FA8 /* Shader.h */ = {isa = PBXFileReference; fileEncoding = 4; lastKnownFileType = sourcecode.c.h; path = Shader.h; sourceTree = "<group>"; };
		222DD8A51D48854700A70FA8 /* Shader.m */ = {isa = PBXFileReference; fileEncoding = 4; lastKnownFileType = sourcecode.c.objc; path = Shader.m; sourceTree = "<group>"; };
		222DD8A61D48854700A70FA8 /* ShaderLoader.h */ = {isa = PBXFileReference; fileEncoding = 4; lastKnownFileType = sourcecode.c.h; path = ShaderLoader.h; sourceTree = "<group>"; };
		222DD8A71D48854700A70FA8 /* ShaderLoader.m */ = {isa = PBXFileReference; fileEncoding = 4; lastKnownFileType = sourcecode.c.objc; path = ShaderLoader.m; sourceTree = "<group>"; };
		222DD8AB1D48854700A70FA8 /* Shapes.swift */ = {isa = PBXFileReference; fileEncoding = 4; lastKnownFileType = sourcecode.swift; path = Shapes.swift; sourceTree = "<group>"; };
		222DD8AC1D48854700A70FA8 /* Solver.swift */ = {isa = PBXFileReference; fileEncoding = 4; lastKnownFileType = sourcecode.swift; path = Solver.swift; sourceTree = "<group>"; };
		222DD8AD1D48854700A70FA8 /* StateDevice.swift */ = {isa = PBXFileReference; fileEncoding = 4; lastKnownFileType = sourcecode.swift; path = StateDevice.swift; sourceTree = "<group>"; };
		222DD8AE1D48854700A70FA8 /* Texture.h */ = {isa = PBXFileReference; fileEncoding = 4; lastKnownFileType = sourcecode.c.h; path = Texture.h; sourceTree = "<group>"; };
		222DD8AF1D48854700A70FA8 /* Texture.m */ = {isa = PBXFileReference; fileEncoding = 4; lastKnownFileType = sourcecode.c.objc; path = Texture.m; sourceTree = "<group>"; };
		222DD8B01D48854700A70FA8 /* TextureReader.swift */ = {isa = PBXFileReference; fileEncoding = 4; lastKnownFileType = sourcecode.swift; path = TextureReader.swift; sourceTree = "<group>"; };
		222DD8B11D48854700A70FA8 /* TextureRepo.h */ = {isa = PBXFileReference; fileEncoding = 4; lastKnownFileType = sourcecode.c.h; path = TextureRepo.h; sourceTree = "<group>"; };
		222DD8B21D48854700A70FA8 /* TextureRepo.m */ = {isa = PBXFileReference; fileEncoding = 4; lastKnownFileType = sourcecode.c.objc; path = TextureRepo.m; sourceTree = "<group>"; };
		222DD8B41D48854700A70FA8 /* UserInterface.swift */ = {isa = PBXFileReference; fileEncoding = 4; lastKnownFileType = sourcecode.swift; path = UserInterface.swift; sourceTree = "<group>"; };
		222DD8B51D48854700A70FA8 /* Utlity.swift */ = {isa = PBXFileReference; fileEncoding = 4; lastKnownFileType = sourcecode.swift; path = Utlity.swift; sourceTree = "<group>"; };
		222DD8B71D48854700A70FA8 /* Visual.swift */ = {isa = PBXFileReference; fileEncoding = 4; lastKnownFileType = sourcecode.swift; path = Visual.swift; sourceTree = "<group>"; };
		222DD8B91D48854700A70FA8 /* VisualHelpers.swift */ = {isa = PBXFileReference; fileEncoding = 4; lastKnownFileType = sourcecode.swift; path = VisualHelpers.swift; sourceTree = "<group>"; };
		22722B9D1D4887A700BFA78A /* Launch Screen.storyboard */ = {isa = PBXFileReference; fileEncoding = 4; lastKnownFileType = file.storyboard; path = "Launch Screen.storyboard"; sourceTree = "<group>"; };
		22722B9F1D4887B700BFA78A /* MainView.storyboard */ = {isa = PBXFileReference; fileEncoding = 4; lastKnownFileType = file.storyboard; path = MainView.storyboard; sourceTree = "<group>"; };
		22722BA11D488C5A00BFA78A /* OpenGLES.framework */ = {isa = PBXFileReference; lastKnownFileType = wrapper.framework; name = OpenGLES.framework; path = System/Library/Frameworks/OpenGLES.framework; sourceTree = SDKROOT; };
		22722BCC1D488D2700BFA78A /* white.png */ = {isa = PBXFileReference; lastKnownFileType = image.png; path = white.png; sourceTree = "<group>"; };
		22722C551D4897C600BFA78A /* Media.xcassets */ = {isa = PBXFileReference; lastKnownFileType = folder.assetcatalog; path = Media.xcassets; sourceTree = "<group>"; };
		227BF5F41D87C2F3006C3CEA /* Map.swift */ = {isa = PBXFileReference; fileEncoding = 4; lastKnownFileType = sourcecode.swift; path = Map.swift; sourceTree = "<group>"; };
		22A9F80B1D5806650097FD61 /* Display.swift */ = {isa = PBXFileReference; fileEncoding = 4; lastKnownFileType = sourcecode.swift; path = Display.swift; sourceTree = "<group>"; };
		22A9F80D1D5818DD0097FD61 /* Basic.swift */ = {isa = PBXFileReference; fileEncoding = 4; lastKnownFileType = sourcecode.swift; path = Basic.swift; sourceTree = "<group>"; };
		22B8C3571D7B6B1400806C16 /* GridTypes.swift */ = {isa = PBXFileReference; fileEncoding = 4; lastKnownFileType = sourcecode.swift; path = GridTypes.swift; sourceTree = "<group>"; };
		22B8C35A1D7D302400806C16 /* spineboy.atlas */ = {isa = PBXFileReference; fileEncoding = 4; lastKnownFileType = text; path = spineboy.atlas; sourceTree = "<group>"; };
		22B8C35C1D7D302400806C16 /* spineboy.png */ = {isa = PBXFileReference; lastKnownFileType = image.png; path = spineboy.png; sourceTree = "<group>"; };
		22B8C3621D7D4DFC00806C16 /* SpineRenderer.h */ = {isa = PBXFileReference; fileEncoding = 4; lastKnownFileType = sourcecode.c.h; path = SpineRenderer.h; sourceTree = "<group>"; };
		22B8C3631D7D4DFC00806C16 /* SpineRenderer.m */ = {isa = PBXFileReference; fileEncoding = 4; lastKnownFileType = sourcecode.c.objc; path = SpineRenderer.m; sourceTree = "<group>"; };
		22B8C3651D81321C00806C16 /* SkeletonAdaptor.swift */ = {isa = PBXFileReference; fileEncoding = 4; lastKnownFileType = sourcecode.swift; path = SkeletonAdaptor.swift; sourceTree = "<group>"; };
		22B8C3671D8262C400806C16 /* spineboy.json */ = {isa = PBXFileReference; fileEncoding = 4; lastKnownFileType = text.json; path = spineboy.json; sourceTree = "<group>"; };
		22B8C3691D84F6E000806C16 /* shoot2.wav */ = {isa = PBXFileReference; lastKnownFileType = audio.wav; path = shoot2.wav; sourceTree = "<group>"; };
		22B8C36B1D84F6EC00806C16 /* hit2.wav */ = {isa = PBXFileReference; lastKnownFileType = audio.wav; path = hit2.wav; sourceTree = "<group>"; };
		22B8C36F1D8521A300806C16 /* bullet.png */ = {isa = PBXFileReference; lastKnownFileType = image.png; path = bullet.png; sourceTree = "<group>"; };
		22B8C3711D85424100806C16 /* hit4.wav */ = {isa = PBXFileReference; lastKnownFileType = audio.wav; path = hit4.wav; sourceTree = "<group>"; };
		22B8C3731D85424600806C16 /* hit5.wav */ = {isa = PBXFileReference; lastKnownFileType = audio.wav; path = hit5.wav; sourceTree = "<group>"; };
		22B8C3751D8544A900806C16 /* charge1.wav */ = {isa = PBXFileReference; lastKnownFileType = audio.wav; path = charge1.wav; sourceTree = "<group>"; };
		22B8C3771D85465400806C16 /* charge2.wav */ = {isa = PBXFileReference; lastKnownFileType = audio.wav; path = charge2.wav; sourceTree = "<group>"; };
		22B8C3791D85465B00806C16 /* hit6.wav */ = {isa = PBXFileReference; lastKnownFileType = audio.wav; path = hit6.wav; sourceTree = "<group>"; };
		22B8C37B1D8546D700806C16 /* hit7.wav */ = {isa = PBXFileReference; lastKnownFileType = audio.wav; path = hit7.wav; sourceTree = "<group>"; };
		22B8C37D1D8669B200806C16 /* Level.swift */ = {isa = PBXFileReference; fileEncoding = 4; lastKnownFileType = sourcecode.swift; path = Level.swift; sourceTree = "<group>"; };
		22BE5DBC1D66C1EC0038FAA8 /* Dreath.swift */ = {isa = PBXFileReference; fileEncoding = 4; lastKnownFileType = sourcecode.swift; path = Dreath.swift; sourceTree = "<group>"; };
		22BE5DBE1D6D3BE30038FAA8 /* Grid.swift */ = {isa = PBXFileReference; fileEncoding = 4; lastKnownFileType = sourcecode.swift; path = Grid.swift; sourceTree = "<group>"; };
		22C2BCA51D59846B00C8F1D5 /* Defender Tests.xctest */ = {isa = PBXFileReference; explicitFileType = wrapper.cfbundle; includeInIndex = 0; path = "Defender Tests.xctest"; sourceTree = BUILT_PRODUCTS_DIR; };
		22C2BCA71D59846C00C8F1D5 /* Sky_s_Melody_Tests.swift */ = {isa = PBXFileReference; lastKnownFileType = sourcecode.swift; path = Sky_s_Melody_Tests.swift; sourceTree = "<group>"; };
		22C2BCAF1D5D7C5600C8F1D5 /* Creator.swift */ = {isa = PBXFileReference; fileEncoding = 4; lastKnownFileType = sourcecode.swift; path = Creator.swift; sourceTree = "<group>"; };
		22C2BCB51D60244000C8F1D5 /* galaxy.png */ = {isa = PBXFileReference; lastKnownFileType = image.png; path = galaxy.png; sourceTree = "<group>"; };
		22C4E5551D6FD39F0077DFCB /* Floater.png */ = {isa = PBXFileReference; lastKnownFileType = image.png; path = Floater.png; sourceTree = "<group>"; };
		22C4E5571D6FF08F0077DFCB /* Quadtree.swift */ = {isa = PBXFileReference; fileEncoding = 4; lastKnownFileType = sourcecode.swift; path = Quadtree.swift; sourceTree = "<group>"; };
		22C4E5591D7278350077DFCB /* RectSolver.swift */ = {isa = PBXFileReference; fileEncoding = 4; lastKnownFileType = sourcecode.swift; path = RectSolver.swift; sourceTree = "<group>"; };
		22C4E55D1D728F2F0077DFCB /* Spawner.png */ = {isa = PBXFileReference; lastKnownFileType = image.png; path = Spawner.png; sourceTree = "<group>"; };
		22C4E55F1D72970C0077DFCB /* Colony.png */ = {isa = PBXFileReference; lastKnownFileType = image.png; path = Colony.png; sourceTree = "<group>"; };
		22C4E5611D73A9880077DFCB /* hit1.wav */ = {isa = PBXFileReference; lastKnownFileType = audio.wav; path = hit1.wav; sourceTree = "<group>"; };
		22C4E5631D73A98E0077DFCB /* explosion1.wav */ = {isa = PBXFileReference; lastKnownFileType = audio.wav; path = explosion1.wav; sourceTree = "<group>"; };
		22C4E5651D73A9940077DFCB /* jump1.wav */ = {isa = PBXFileReference; lastKnownFileType = audio.wav; path = jump1.wav; sourceTree = "<group>"; };
		22C4E5671D73A9990077DFCB /* make1.wav */ = {isa = PBXFileReference; lastKnownFileType = audio.wav; path = make1.wav; sourceTree = "<group>"; };
		22C4E5691D73A99D0077DFCB /* shield-re1.wav */ = {isa = PBXFileReference; lastKnownFileType = audio.wav; path = "shield-re1.wav"; sourceTree = "<group>"; };
		22C4E56B1D73A9A20077DFCB /* shoot1.wav */ = {isa = PBXFileReference; lastKnownFileType = audio.wav; path = shoot1.wav; sourceTree = "<group>"; };
		22C4E56D1D750EA20077DFCB /* LightingSystem.swift */ = {isa = PBXFileReference; fileEncoding = 4; lastKnownFileType = sourcecode.swift; path = LightingSystem.swift; sourceTree = "<group>"; };
		22C4E63E1D75552D0077DFCB /* .cproject */ = {isa = PBXFileReference; fileEncoding = 4; lastKnownFileType = text.xml; path = .cproject; sourceTree = "<group>"; };
		22C4E63F1D75552D0077DFCB /* .project */ = {isa = PBXFileReference; fileEncoding = 4; lastKnownFileType = text.xml; path = .project; sourceTree = "<group>"; };
		22C4E6411D75552D0077DFCB /* org.eclipse.cdt.codan.core.prefs */ = {isa = PBXFileReference; fileEncoding = 4; lastKnownFileType = text; path = org.eclipse.cdt.codan.core.prefs; sourceTree = "<group>"; };
		22C4E6421D75552D0077DFCB /* org.eclipse.cdt.managedbuilder.core.prefs */ = {isa = PBXFileReference; fileEncoding = 4; lastKnownFileType = text; path = org.eclipse.cdt.managedbuilder.core.prefs; sourceTree = "<group>"; };
		22C4E6431D75552D0077DFCB /* CMakeLists.txt */ = {isa = PBXFileReference; fileEncoding = 4; lastKnownFileType = text; path = CMakeLists.txt; sourceTree = "<group>"; };
		22C4E6461D75552D0077DFCB /* Animation.h */ = {isa = PBXFileReference; fileEncoding = 4; lastKnownFileType = sourcecode.c.h; path = Animation.h; sourceTree = "<group>"; };
		22C4E6471D75552D0077DFCB /* AnimationState.h */ = {isa = PBXFileReference; fileEncoding = 4; lastKnownFileType = sourcecode.c.h; path = AnimationState.h; sourceTree = "<group>"; };
		22C4E6481D75552D0077DFCB /* AnimationStateData.h */ = {isa = PBXFileReference; fileEncoding = 4; lastKnownFileType = sourcecode.c.h; path = AnimationStateData.h; sourceTree = "<group>"; };
		22C4E6491D75552D0077DFCB /* Atlas.h */ = {isa = PBXFileReference; fileEncoding = 4; lastKnownFileType = sourcecode.c.h; path = Atlas.h; sourceTree = "<group>"; };
		22C4E64A1D75552D0077DFCB /* AtlasAttachmentLoader.h */ = {isa = PBXFileReference; fileEncoding = 4; lastKnownFileType = sourcecode.c.h; path = AtlasAttachmentLoader.h; sourceTree = "<group>"; };
		22C4E64B1D75552D0077DFCB /* Attachment.h */ = {isa = PBXFileReference; fileEncoding = 4; lastKnownFileType = sourcecode.c.h; path = Attachment.h; sourceTree = "<group>"; };
		22C4E64C1D75552D0077DFCB /* AttachmentLoader.h */ = {isa = PBXFileReference; fileEncoding = 4; lastKnownFileType = sourcecode.c.h; path = AttachmentLoader.h; sourceTree = "<group>"; };
		22C4E64D1D75552D0077DFCB /* Bone.h */ = {isa = PBXFileReference; fileEncoding = 4; lastKnownFileType = sourcecode.c.h; path = Bone.h; sourceTree = "<group>"; };
		22C4E64E1D75552D0077DFCB /* BoneData.h */ = {isa = PBXFileReference; fileEncoding = 4; lastKnownFileType = sourcecode.c.h; path = BoneData.h; sourceTree = "<group>"; };
		22C4E64F1D75552D0077DFCB /* BoundingBoxAttachment.h */ = {isa = PBXFileReference; fileEncoding = 4; lastKnownFileType = sourcecode.c.h; path = BoundingBoxAttachment.h; sourceTree = "<group>"; };
		22C4E6501D75552D0077DFCB /* Event.h */ = {isa = PBXFileReference; fileEncoding = 4; lastKnownFileType = sourcecode.c.h; path = Event.h; sourceTree = "<group>"; };
		22C4E6511D75552D0077DFCB /* EventData.h */ = {isa = PBXFileReference; fileEncoding = 4; lastKnownFileType = sourcecode.c.h; path = EventData.h; sourceTree = "<group>"; };
		22C4E6521D75552D0077DFCB /* extension.h */ = {isa = PBXFileReference; fileEncoding = 4; lastKnownFileType = sourcecode.c.h; path = extension.h; sourceTree = "<group>"; };
		22C4E6531D75552D0077DFCB /* IkConstraint.h */ = {isa = PBXFileReference; fileEncoding = 4; lastKnownFileType = sourcecode.c.h; path = IkConstraint.h; sourceTree = "<group>"; };
		22C4E6541D75552D0077DFCB /* IkConstraintData.h */ = {isa = PBXFileReference; fileEncoding = 4; lastKnownFileType = sourcecode.c.h; path = IkConstraintData.h; sourceTree = "<group>"; };
		22C4E6551D75552D0077DFCB /* MeshAttachment.h */ = {isa = PBXFileReference; fileEncoding = 4; lastKnownFileType = sourcecode.c.h; path = MeshAttachment.h; sourceTree = "<group>"; };
		22C4E6561D75552D0077DFCB /* PathAttachment.h */ = {isa = PBXFileReference; fileEncoding = 4; lastKnownFileType = sourcecode.c.h; path = PathAttachment.h; sourceTree = "<group>"; };
		22C4E6571D75552D0077DFCB /* PathConstraint.h */ = {isa = PBXFileReference; fileEncoding = 4; lastKnownFileType = sourcecode.c.h; path = PathConstraint.h; sourceTree = "<group>"; };
		22C4E6581D75552D0077DFCB /* PathConstraintData.h */ = {isa = PBXFileReference; fileEncoding = 4; lastKnownFileType = sourcecode.c.h; path = PathConstraintData.h; sourceTree = "<group>"; };
		22C4E6591D75552D0077DFCB /* RegionAttachment.h */ = {isa = PBXFileReference; fileEncoding = 4; lastKnownFileType = sourcecode.c.h; path = RegionAttachment.h; sourceTree = "<group>"; };
		22C4E65A1D75552D0077DFCB /* Skeleton.h */ = {isa = PBXFileReference; fileEncoding = 4; lastKnownFileType = sourcecode.c.h; path = Skeleton.h; sourceTree = "<group>"; };
		22C4E65B1D75552D0077DFCB /* SkeletonBinary.h */ = {isa = PBXFileReference; fileEncoding = 4; lastKnownFileType = sourcecode.c.h; path = SkeletonBinary.h; sourceTree = "<group>"; };
		22C4E65C1D75552D0077DFCB /* SkeletonBounds.h */ = {isa = PBXFileReference; fileEncoding = 4; lastKnownFileType = sourcecode.c.h; path = SkeletonBounds.h; sourceTree = "<group>"; };
		22C4E65D1D75552D0077DFCB /* SkeletonData.h */ = {isa = PBXFileReference; fileEncoding = 4; lastKnownFileType = sourcecode.c.h; path = SkeletonData.h; sourceTree = "<group>"; };
		22C4E65E1D75552D0077DFCB /* SkeletonJson.h */ = {isa = PBXFileReference; fileEncoding = 4; lastKnownFileType = sourcecode.c.h; path = SkeletonJson.h; sourceTree = "<group>"; };
		22C4E65F1D75552D0077DFCB /* Skin.h */ = {isa = PBXFileReference; fileEncoding = 4; lastKnownFileType = sourcecode.c.h; path = Skin.h; sourceTree = "<group>"; };
		22C4E6601D75552D0077DFCB /* Slot.h */ = {isa = PBXFileReference; fileEncoding = 4; lastKnownFileType = sourcecode.c.h; path = Slot.h; sourceTree = "<group>"; };
		22C4E6611D75552D0077DFCB /* SlotData.h */ = {isa = PBXFileReference; fileEncoding = 4; lastKnownFileType = sourcecode.c.h; path = SlotData.h; sourceTree = "<group>"; };
		22C4E6621D75552D0077DFCB /* spine.h */ = {isa = PBXFileReference; fileEncoding = 4; lastKnownFileType = sourcecode.c.h; path = spine.h; sourceTree = "<group>"; };
		22C4E6631D75552D0077DFCB /* TransformConstraint.h */ = {isa = PBXFileReference; fileEncoding = 4; lastKnownFileType = sourcecode.c.h; path = TransformConstraint.h; sourceTree = "<group>"; };
		22C4E6641D75552D0077DFCB /* TransformConstraintData.h */ = {isa = PBXFileReference; fileEncoding = 4; lastKnownFileType = sourcecode.c.h; path = TransformConstraintData.h; sourceTree = "<group>"; };
		22C4E6651D75552D0077DFCB /* VertexAttachment.h */ = {isa = PBXFileReference; fileEncoding = 4; lastKnownFileType = sourcecode.c.h; path = VertexAttachment.h; sourceTree = "<group>"; };
		22C4E6661D75552D0077DFCB /* LICENSE */ = {isa = PBXFileReference; fileEncoding = 4; lastKnownFileType = text; path = LICENSE; sourceTree = "<group>"; };
		22C4E6671D75552D0077DFCB /* README.md */ = {isa = PBXFileReference; fileEncoding = 4; lastKnownFileType = net.daringfireball.markdown; path = README.md; sourceTree = "<group>"; };
		22C4E66A1D75552D0077DFCB /* Animation.c */ = {isa = PBXFileReference; fileEncoding = 4; lastKnownFileType = sourcecode.c.c; path = Animation.c; sourceTree = "<group>"; };
		22C4E66B1D75552D0077DFCB /* AnimationState.c */ = {isa = PBXFileReference; fileEncoding = 4; lastKnownFileType = sourcecode.c.c; path = AnimationState.c; sourceTree = "<group>"; };
		22C4E66C1D75552D0077DFCB /* AnimationStateData.c */ = {isa = PBXFileReference; fileEncoding = 4; lastKnownFileType = sourcecode.c.c; path = AnimationStateData.c; sourceTree = "<group>"; };
		22C4E66D1D75552D0077DFCB /* Atlas.c */ = {isa = PBXFileReference; fileEncoding = 4; lastKnownFileType = sourcecode.c.c; path = Atlas.c; sourceTree = "<group>"; };
		22C4E66E1D75552D0077DFCB /* AtlasAttachmentLoader.c */ = {isa = PBXFileReference; fileEncoding = 4; lastKnownFileType = sourcecode.c.c; path = AtlasAttachmentLoader.c; sourceTree = "<group>"; };
		22C4E66F1D75552D0077DFCB /* Attachment.c */ = {isa = PBXFileReference; fileEncoding = 4; lastKnownFileType = sourcecode.c.c; path = Attachment.c; sourceTree = "<group>"; };
		22C4E6701D75552D0077DFCB /* AttachmentLoader.c */ = {isa = PBXFileReference; fileEncoding = 4; lastKnownFileType = sourcecode.c.c; path = AttachmentLoader.c; sourceTree = "<group>"; };
		22C4E6711D75552D0077DFCB /* Bone.c */ = {isa = PBXFileReference; fileEncoding = 4; lastKnownFileType = sourcecode.c.c; path = Bone.c; sourceTree = "<group>"; };
		22C4E6721D75552D0077DFCB /* BoneData.c */ = {isa = PBXFileReference; fileEncoding = 4; lastKnownFileType = sourcecode.c.c; path = BoneData.c; sourceTree = "<group>"; };
		22C4E6731D75552D0077DFCB /* BoundingBoxAttachment.c */ = {isa = PBXFileReference; fileEncoding = 4; lastKnownFileType = sourcecode.c.c; path = BoundingBoxAttachment.c; sourceTree = "<group>"; };
		22C4E6741D75552D0077DFCB /* Event.c */ = {isa = PBXFileReference; fileEncoding = 4; lastKnownFileType = sourcecode.c.c; path = Event.c; sourceTree = "<group>"; };
		22C4E6751D75552D0077DFCB /* EventData.c */ = {isa = PBXFileReference; fileEncoding = 4; lastKnownFileType = sourcecode.c.c; path = EventData.c; sourceTree = "<group>"; };
		22C4E6761D75552D0077DFCB /* extension.c */ = {isa = PBXFileReference; fileEncoding = 4; lastKnownFileType = sourcecode.c.c; path = extension.c; sourceTree = "<group>"; };
		22C4E6771D75552D0077DFCB /* IkConstraint.c */ = {isa = PBXFileReference; fileEncoding = 4; lastKnownFileType = sourcecode.c.c; path = IkConstraint.c; sourceTree = "<group>"; };
		22C4E6781D75552D0077DFCB /* IkConstraintData.c */ = {isa = PBXFileReference; fileEncoding = 4; lastKnownFileType = sourcecode.c.c; path = IkConstraintData.c; sourceTree = "<group>"; };
		22C4E6791D75552D0077DFCB /* Json.c */ = {isa = PBXFileReference; fileEncoding = 4; lastKnownFileType = sourcecode.c.c; path = Json.c; sourceTree = "<group>"; };
		22C4E67A1D75552D0077DFCB /* Json.h */ = {isa = PBXFileReference; fileEncoding = 4; lastKnownFileType = sourcecode.c.h; path = Json.h; sourceTree = "<group>"; };
		22C4E67B1D75552D0077DFCB /* kvec.h */ = {isa = PBXFileReference; fileEncoding = 4; lastKnownFileType = sourcecode.c.h; path = kvec.h; sourceTree = "<group>"; };
		22C4E67C1D75552D0077DFCB /* MeshAttachment.c */ = {isa = PBXFileReference; fileEncoding = 4; lastKnownFileType = sourcecode.c.c; path = MeshAttachment.c; sourceTree = "<group>"; };
		22C4E67D1D75552D0077DFCB /* PathAttachment.c */ = {isa = PBXFileReference; fileEncoding = 4; lastKnownFileType = sourcecode.c.c; path = PathAttachment.c; sourceTree = "<group>"; };
		22C4E67E1D75552D0077DFCB /* PathConstraint.c */ = {isa = PBXFileReference; fileEncoding = 4; lastKnownFileType = sourcecode.c.c; path = PathConstraint.c; sourceTree = "<group>"; };
		22C4E67F1D75552D0077DFCB /* PathConstraintData.c */ = {isa = PBXFileReference; fileEncoding = 4; lastKnownFileType = sourcecode.c.c; path = PathConstraintData.c; sourceTree = "<group>"; };
		22C4E6801D75552D0077DFCB /* RegionAttachment.c */ = {isa = PBXFileReference; fileEncoding = 4; lastKnownFileType = sourcecode.c.c; path = RegionAttachment.c; sourceTree = "<group>"; };
		22C4E6811D75552D0077DFCB /* Skeleton.c */ = {isa = PBXFileReference; fileEncoding = 4; lastKnownFileType = sourcecode.c.c; path = Skeleton.c; sourceTree = "<group>"; };
		22C4E6821D75552D0077DFCB /* SkeletonBinary.c */ = {isa = PBXFileReference; fileEncoding = 4; lastKnownFileType = sourcecode.c.c; path = SkeletonBinary.c; sourceTree = "<group>"; };
		22C4E6831D75552D0077DFCB /* SkeletonBounds.c */ = {isa = PBXFileReference; fileEncoding = 4; lastKnownFileType = sourcecode.c.c; path = SkeletonBounds.c; sourceTree = "<group>"; };
		22C4E6841D75552D0077DFCB /* SkeletonData.c */ = {isa = PBXFileReference; fileEncoding = 4; lastKnownFileType = sourcecode.c.c; path = SkeletonData.c; sourceTree = "<group>"; };
		22C4E6851D75552D0077DFCB /* SkeletonJson.c */ = {isa = PBXFileReference; fileEncoding = 4; lastKnownFileType = sourcecode.c.c; path = SkeletonJson.c; sourceTree = "<group>"; };
		22C4E6861D75552D0077DFCB /* Skin.c */ = {isa = PBXFileReference; fileEncoding = 4; lastKnownFileType = sourcecode.c.c; path = Skin.c; sourceTree = "<group>"; };
		22C4E6871D75552D0077DFCB /* Slot.c */ = {isa = PBXFileReference; fileEncoding = 4; lastKnownFileType = sourcecode.c.c; path = Slot.c; sourceTree = "<group>"; };
		22C4E6881D75552D0077DFCB /* SlotData.c */ = {isa = PBXFileReference; fileEncoding = 4; lastKnownFileType = sourcecode.c.c; path = SlotData.c; sourceTree = "<group>"; };
		22C4E6891D75552D0077DFCB /* TransformConstraint.c */ = {isa = PBXFileReference; fileEncoding = 4; lastKnownFileType = sourcecode.c.c; path = TransformConstraint.c; sourceTree = "<group>"; };
		22C4E68A1D75552D0077DFCB /* TransformConstraintData.c */ = {isa = PBXFileReference; fileEncoding = 4; lastKnownFileType = sourcecode.c.c; path = TransformConstraintData.c; sourceTree = "<group>"; };
		22C4E68B1D75552D0077DFCB /* VertexAttachment.c */ = {isa = PBXFileReference; fileEncoding = 4; lastKnownFileType = sourcecode.c.c; path = VertexAttachment.c; sourceTree = "<group>"; };
		22C4E6B31D7557B00077DFCB /* SpineAdapter.m */ = {isa = PBXFileReference; fileEncoding = 4; lastKnownFileType = sourcecode.c.objc; path = SpineAdapter.m; sourceTree = "<group>"; };
		22C4E6B41D7557B00077DFCB /* SpineAdapter.h */ = {isa = PBXFileReference; fileEncoding = 4; lastKnownFileType = sourcecode.c.h; path = SpineAdapter.h; sourceTree = "<group>"; };
		22CA678D1D90E307007CB4D3 /* planet.png */ = {isa = PBXFileReference; lastKnownFileType = image.png; path = planet.png; sourceTree = "<group>"; };
		22CA67911D90E92E007CB4D3 /* rock.png */ = {isa = PBXFileReference; lastKnownFileType = image.png; path = rock.png; sourceTree = "<group>"; };
		22D31C131D94BFE800818AFA /* door.png */ = {isa = PBXFileReference; lastKnownFileType = image.png; path = door.png; sourceTree = "<group>"; };
		22D31C151D94CC6400818AFA /* starship.png */ = {isa = PBXFileReference; lastKnownFileType = image.png; path = starship.png; sourceTree = "<group>"; };
		22D31C171D94CD6600818AFA /* book.png */ = {isa = PBXFileReference; lastKnownFileType = image.png; path = book.png; sourceTree = "<group>"; };
		22D31C191D94D0DE00818AFA /* pickup1.wav */ = {isa = PBXFileReference; lastKnownFileType = audio.wav; path = pickup1.wav; sourceTree = "<group>"; };
		22D31C1A1D94D0DE00818AFA /* pickup2.wav */ = {isa = PBXFileReference; lastKnownFileType = audio.wav; path = pickup2.wav; sourceTree = "<group>"; };
		22D31C1D1D94D0E700818AFA /* jet1.wav */ = {isa = PBXFileReference; lastKnownFileType = audio.wav; path = jet1.wav; sourceTree = "<group>"; };
		22D31C1F1D94D0F200818AFA /* hit8.wav */ = {isa = PBXFileReference; lastKnownFileType = audio.wav; path = hit8.wav; sourceTree = "<group>"; };
		22D31C211D94D36300818AFA /* gem.png */ = {isa = PBXFileReference; lastKnownFileType = image.png; path = gem.png; sourceTree = "<group>"; };
		22D31C231D94D58D00818AFA /* door1.wav */ = {isa = PBXFileReference; lastKnownFileType = audio.wav; path = door1.wav; sourceTree = "<group>"; };
		22D31C251D976AB500818AFA /* Items.swift */ = {isa = PBXFileReference; fileEncoding = 4; lastKnownFileType = sourcecode.swift; path = Items.swift; sourceTree = "<group>"; };
/* End PBXFileReference section */

/* Begin PBXFrameworksBuildPhase section */
		222DD82D1D48843100A70FA8 /* Frameworks */ = {
			isa = PBXFrameworksBuildPhase;
			buildActionMask = 2147483647;
			files = (
				22722BA21D488C5A00BFA78A /* OpenGLES.framework in Frameworks */,
			);
			runOnlyForDeploymentPostprocessing = 0;
		};
		22C2BCA21D59846B00C8F1D5 /* Frameworks */ = {
			isa = PBXFrameworksBuildPhase;
			buildActionMask = 2147483647;
			files = (
			);
			runOnlyForDeploymentPostprocessing = 0;
		};
/* End PBXFrameworksBuildPhase section */

/* Begin PBXGroup section */
		222DD8271D48843100A70FA8 = {
			isa = PBXGroup;
			children = (
				22C4E5C61D7553260077DFCB /* Spine */,
				22722BA11D488C5A00BFA78A /* OpenGLES.framework */,
				222DD8321D48843100A70FA8 /* Sky's Melody */,
				22C2BCA61D59846C00C8F1D5 /* Sky's Melody Tests */,
				222DD8311D48843100A70FA8 /* Products */,
			);
			sourceTree = "<group>";
		};
		222DD8311D48843100A70FA8 /* Products */ = {
			isa = PBXGroup;
			children = (
				222DD8301D48843100A70FA8 /* Defender.app */,
				22C2BCA51D59846B00C8F1D5 /* Defender Tests.xctest */,
			);
			name = Products;
			sourceTree = "<group>";
		};
		222DD8321D48843100A70FA8 /* Sky's Melody */ = {
			isa = PBXGroup;
			children = (
				229232551D5065FE00F47D02 /* audio */,
				2292324C1D50649100F47D02 /* media */,
				2292324A1D50646C00F47D02 /* elements */,
				222DD8431D48843100A70FA8 /* Info.plist */,
				222DD8551D48854600A70FA8 /* Base.lproj */,
				22722B9D1D4887A700BFA78A /* Launch Screen.storyboard */,
				22722B9F1D4887B700BFA78A /* MainView.storyboard */,
				22722C551D4897C600BFA78A /* Media.xcassets */,
			);
			name = "Sky's Melody";
			path = "High Space";
			sourceTree = "<group>";
		};
		222DD8551D48854600A70FA8 /* Base.lproj */ = {
			isa = PBXGroup;
			children = (
			);
			path = Base.lproj;
			sourceTree = "<group>";
		};
		2292324A1D50646C00F47D02 /* elements */ = {
			isa = PBXGroup;
			children = (
				229232541D5065C200F47D02 /* audio */,
				229232531D5065AD00F47D02 /* data */,
				229232521D50658D00F47D02 /* interface */,
				229232501D50650600F47D02 /* main */,
				229232511D50652900F47D02 /* terrain */,
				2292324F1D5064F800F47D02 /* control */,
				2292324E1D5064E400F47D02 /* physics */,
				2292324D1D5064B600F47D02 /* entity */,
				2292324B1D50647A00F47D02 /* graphics */,
			);
			name = elements;
			sourceTree = "<group>";
		};
		2292324B1D50647A00F47D02 /* graphics */ = {
			isa = PBXGroup;
			children = (
				2292325E1D52EF7F00F47D02 /* lighting */,
				2292325D1D52EF7100F47D02 /* text */,
				2292325C1D52EF5500F47D02 /* core */,
				2292325B1D52EF1A00F47D02 /* visual */,
				229232561D52ED5400F47D02 /* shaders */,
				229232571D52ED6700F47D02 /* texture */,
				222DD84B1D48854600A70FA8 /* Animation.swift */,
			);
			name = graphics;
			sourceTree = "<group>";
		};
		2292324C1D50649100F47D02 /* media */ = {
			isa = PBXGroup;
			children = (
				22E6F3E61D98611100C6288D /* font */,
				22B8C3591D7D301C00806C16 /* spine */,
				22722BCC1D488D2700BFA78A /* white.png */,
				22C2BCB51D60244000C8F1D5 /* galaxy.png */,
				22CA678D1D90E307007CB4D3 /* planet.png */,
				22C4E5551D6FD39F0077DFCB /* Floater.png */,
				22C4E55D1D728F2F0077DFCB /* Spawner.png */,
				22C4E55F1D72970C0077DFCB /* Colony.png */,
				22CA67911D90E92E007CB4D3 /* rock.png */,
				22B8C36F1D8521A300806C16 /* bullet.png */,
				22D31C131D94BFE800818AFA /* door.png */,
				22D31C151D94CC6400818AFA /* starship.png */,
				22D31C171D94CD6600818AFA /* book.png */,
				22D31C211D94D36300818AFA /* gem.png */,
				22C4E5611D73A9880077DFCB /* hit1.wav */,
				22C4E5631D73A98E0077DFCB /* explosion1.wav */,
				22C4E5651D73A9940077DFCB /* jump1.wav */,
				22C4E5671D73A9990077DFCB /* make1.wav */,
				22C4E5691D73A99D0077DFCB /* shield-re1.wav */,
				22C4E56B1D73A9A20077DFCB /* shoot1.wav */,
				22B8C3691D84F6E000806C16 /* shoot2.wav */,
				22B8C36B1D84F6EC00806C16 /* hit2.wav */,
				22B8C3711D85424100806C16 /* hit4.wav */,
				22B8C3731D85424600806C16 /* hit5.wav */,
				22B8C3751D8544A900806C16 /* charge1.wav */,
				22B8C3771D85465400806C16 /* charge2.wav */,
				22B8C3791D85465B00806C16 /* hit6.wav */,
				22B8C37B1D8546D700806C16 /* hit7.wav */,
				22D31C191D94D0DE00818AFA /* pickup1.wav */,
				22D31C1A1D94D0DE00818AFA /* pickup2.wav */,
				22D31C1D1D94D0E700818AFA /* jet1.wav */,
				22D31C1F1D94D0F200818AFA /* hit8.wav */,
				22D31C231D94D58D00818AFA /* door1.wav */,
			);
			name = media;
			sourceTree = "<group>";
		};
		2292324D1D5064B600F47D02 /* entity */ = {
			isa = PBXGroup;
			children = (
				22A9F80D1D5818DD0097FD61 /* Basic.swift */,
				22BE5DBC1D66C1EC0038FAA8 /* Dreath.swift */,
				22D31C251D976AB500818AFA /* Items.swift */,
			);
			name = entity;
			sourceTree = "<group>";
		};
		2292324E1D5064E400F47D02 /* physics */ = {
			isa = PBXGroup;
			children = (
				2292325F1D52F19700F47D02 /* solvers */,
				222DD8691D48854600A70FA8 /* PhysicsTypes.swift */,
				222DD8601D48854600A70FA8 /* Broadphase.swift */,
				222DD8941D48854700A70FA8 /* Physics.swift */,
				222DD8AB1D48854700A70FA8 /* Shapes.swift */,
			);
			name = physics;
			sourceTree = "<group>";
		};
		2292324F1D5064F800F47D02 /* control */ = {
			isa = PBXGroup;
			children = (
				222DD8651D48854600A70FA8 /* Controller.swift */,
				222DD8891D48854700A70FA8 /* Interaction.swift */,
				222DD8611D48854600A70FA8 /* Camera.swift */,
			);
			name = control;
			sourceTree = "<group>";
		};
		229232501D50650600F47D02 /* main */ = {
			isa = PBXGroup;
			children = (
				229232601D52F1BD00F47D02 /* auxiliary */,
				222DD8661D48854600A70FA8 /* core.swift */,
				222DD8721D48854600A70FA8 /* Game.swift */,
				222DD8761D48854600A70FA8 /* GameViewController.h */,
				222DD8771D48854600A70FA8 /* GameViewController.m */,
			);
			name = main;
			sourceTree = "<group>";
		};
		229232511D50652900F47D02 /* terrain */ = {
			isa = PBXGroup;
			children = (
				222DD8671D48854600A70FA8 /* CreationTypes.swift */,
				222DD8A31D48854700A70FA8 /* Screens.swift */,
				222DD8AD1D48854700A70FA8 /* StateDevice.swift */,
				22C2BCAF1D5D7C5600C8F1D5 /* Creator.swift */,
				22BE5DBE1D6D3BE30038FAA8 /* Grid.swift */,
				22C4E5571D6FF08F0077DFCB /* Quadtree.swift */,
				22C4E56D1D750EA20077DFCB /* LightingSystem.swift */,
				22B8C3571D7B6B1400806C16 /* GridTypes.swift */,
				22B8C37D1D8669B200806C16 /* Level.swift */,
				227BF5F41D87C2F3006C3CEA /* Map.swift */,
			);
			name = terrain;
			sourceTree = "<group>";
		};
		229232521D50658D00F47D02 /* interface */ = {
			isa = PBXGroup;
			children = (
				222DD8751D48854600A70FA8 /* GameUI.swift */,
				222DD87A1D48854600A70FA8 /* GeneralUI.swift */,
				222DD8B41D48854700A70FA8 /* UserInterface.swift */,
				221A5F131D9B67DE004B1516 /* InGameViews.swift */,
			);
			name = interface;
			sourceTree = "<group>";
		};
		229232531D5065AD00F47D02 /* data */ = {
			isa = PBXGroup;
			children = (
			);
			name = data;
			sourceTree = "<group>";
		};
		229232541D5065C200F47D02 /* audio */ = {
			isa = PBXGroup;
			children = (
				222DD8521D48854600A70FA8 /* AudioLibrary.h */,
				222DD8531D48854600A70FA8 /* AudioLibrary.m */,
				222DD8511D48854600A70FA8 /* Audio.swift */,
			);
			name = audio;
			sourceTree = "<group>";
		};
		229232551D5065FE00F47D02 /* audio */ = {
			isa = PBXGroup;
			children = (
			);
			name = audio;
			sourceTree = "<group>";
		};
		229232561D52ED5400F47D02 /* shaders */ = {
			isa = PBXGroup;
			children = (
				229232591D52EE9F00F47D02 /* main */,
				2292325A1D52EEE200F47D02 /* glshaders */,
			);
			name = shaders;
			sourceTree = "<group>";
		};
		229232571D52ED6700F47D02 /* texture */ = {
			isa = PBXGroup;
			children = (
				222DD87F1D48854600A70FA8 /* GLTextureLoader.h */,
				222DD8801D48854700A70FA8 /* GLTextureLoader.m */,
				222DD8501D48854600A70FA8 /* Atlas.swift */,
				222DD8AE1D48854700A70FA8 /* Texture.h */,
				222DD8AF1D48854700A70FA8 /* Texture.m */,
				222DD8B01D48854700A70FA8 /* TextureReader.swift */,
				222DD8B11D48854700A70FA8 /* TextureRepo.h */,
				222DD8B21D48854700A70FA8 /* TextureRepo.m */,
			);
			name = texture;
			sourceTree = "<group>";
		};
		229232591D52EE9F00F47D02 /* main */ = {
			isa = PBXGroup;
			children = (
				222DD8A41D48854700A70FA8 /* Shader.h */,
				222DD8A51D48854700A70FA8 /* Shader.m */,
				222DD8A61D48854700A70FA8 /* ShaderLoader.h */,
				222DD8A71D48854700A70FA8 /* ShaderLoader.m */,
			);
			name = main;
			sourceTree = "<group>";
		};
		2292325A1D52EEE200F47D02 /* glshaders */ = {
			isa = PBXGroup;
			children = (
				222DD86A1D48854600A70FA8 /* Default.fsh */,
				222DD86B1D48854600A70FA8 /* Default.vsh */,
				222DD88B1D48854700A70FA8 /* Lighting.fsh */,
				222DD88D1D48854700A70FA8 /* Lighting.vsh */,
			);
			name = glshaders;
			sourceTree = "<group>";
		};
		2292325B1D52EF1A00F47D02 /* visual */ = {
			isa = PBXGroup;
			children = (
				222DD8B71D48854700A70FA8 /* Visual.swift */,
				222DD8B91D48854700A70FA8 /* VisualHelpers.swift */,
				222DD89F1D48854700A70FA8 /* RawVisualDisplay.h */,
				222DD8811D48854700A70FA8 /* GLVisualDisplay.h */,
				222DD8821D48854700A70FA8 /* GLVisualDisplay.m */,
				22A9F80B1D5806650097FD61 /* Display.swift */,
				22C4E6B31D7557B00077DFCB /* SpineAdapter.m */,
				22C4E6B41D7557B00077DFCB /* SpineAdapter.h */,
				22B8C3621D7D4DFC00806C16 /* SpineRenderer.h */,
				22B8C3631D7D4DFC00806C16 /* SpineRenderer.m */,
				22B8C3651D81321C00806C16 /* SkeletonAdaptor.swift */,
			);
			name = visual;
			sourceTree = "<group>";
		};
		2292325C1D52EF5500F47D02 /* core */ = {
			isa = PBXGroup;
			children = (
				222DD8851D48854700A70FA8 /* Graphics.swift */,
			);
			name = core;
			sourceTree = "<group>";
		};
		2292325D1D52EF7100F47D02 /* text */ = {
			isa = PBXGroup;
			children = (
				222DD86D1D48854600A70FA8 /* DynamicText.h */,
				222DD86E1D48854600A70FA8 /* DynamicText.m */,
			);
			name = text;
			sourceTree = "<group>";
		};
		2292325E1D52EF7F00F47D02 /* lighting */ = {
			isa = PBXGroup;
			children = (
				222DD88A1D48854700A70FA8 /* Light.swift */,
				222DD88C1D48854700A70FA8 /* Lighting.swift */,
			);
			name = lighting;
			sourceTree = "<group>";
		};
		2292325F1D52F19700F47D02 /* solvers */ = {
			isa = PBXGroup;
			children = (
				222DD8AC1D48854700A70FA8 /* Solver.swift */,
				222DD8631D48854600A70FA8 /* CirclePolygonSolver.swift */,
				222DD8641D48854600A70FA8 /* CircleSolver.swift */,
				222DD8961D48854700A70FA8 /* PolygonSolver.swift */,
				22C4E5591D7278350077DFCB /* RectSolver.swift */,
			);
			name = solvers;
			sourceTree = "<group>";
		};
		229232601D52F1BD00F47D02 /* auxiliary */ = {
			isa = PBXGroup;
			children = (
				222DD84C1D48854600A70FA8 /* AppDelegate.h */,
				222DD84D1D48854600A70FA8 /* AppDelegate.m */,
				222DD8541D48854600A70FA8 /* Aux.swift */,
				222DD8B51D48854700A70FA8 /* Utlity.swift */,
				222DD85E1D48854600A70FA8 /* Bridge.h */,
				222DD85F1D48854600A70FA8 /* Bridge.m */,
				222DD88E1D48854700A70FA8 /* main.m */,
				222DD89E1D48854700A70FA8 /* High Space-Bridging-Header.h */,
			);
			name = auxiliary;
			sourceTree = "<group>";
		};
		22B8C3591D7D301C00806C16 /* spine */ = {
			isa = PBXGroup;
			children = (
				22B8C35A1D7D302400806C16 /* spineboy.atlas */,
				22B8C3671D8262C400806C16 /* spineboy.json */,
				22B8C35C1D7D302400806C16 /* spineboy.png */,
			);
			name = spine;
			sourceTree = "<group>";
		};
		22C2BCA61D59846C00C8F1D5 /* Sky's Melody Tests */ = {
			isa = PBXGroup;
			children = (
				22C2BCA71D59846C00C8F1D5 /* Sky_s_Melody_Tests.swift */,
			);
			path = "Sky's Melody Tests";
			sourceTree = "<group>";
		};
		22C4E5C61D7553260077DFCB /* Spine */ = {
			isa = PBXGroup;
			children = (
				22C4E63D1D75552D0077DFCB /* spine-c */,
			);
			name = Spine;
			sourceTree = "<group>";
		};
		22C4E63D1D75552D0077DFCB /* spine-c */ = {
			isa = PBXGroup;
			children = (
				22C4E63E1D75552D0077DFCB /* .cproject */,
				22C4E63F1D75552D0077DFCB /* .project */,
				22C4E6401D75552D0077DFCB /* .settings */,
				22C4E6431D75552D0077DFCB /* CMakeLists.txt */,
				22C4E6441D75552D0077DFCB /* include */,
				22C4E6661D75552D0077DFCB /* LICENSE */,
				22C4E6671D75552D0077DFCB /* README.md */,
				22C4E6681D75552D0077DFCB /* src */,
			);
			path = "spine-c";
			sourceTree = "<group>";
		};
		22C4E6401D75552D0077DFCB /* .settings */ = {
			isa = PBXGroup;
			children = (
				22C4E6411D75552D0077DFCB /* org.eclipse.cdt.codan.core.prefs */,
				22C4E6421D75552D0077DFCB /* org.eclipse.cdt.managedbuilder.core.prefs */,
			);
			path = .settings;
			sourceTree = "<group>";
		};
		22C4E6441D75552D0077DFCB /* include */ = {
			isa = PBXGroup;
			children = (
				22C4E6451D75552D0077DFCB /* spine */,
			);
			path = include;
			sourceTree = "<group>";
		};
		22C4E6451D75552D0077DFCB /* spine */ = {
			isa = PBXGroup;
			children = (
				22C4E6461D75552D0077DFCB /* Animation.h */,
				22C4E6471D75552D0077DFCB /* AnimationState.h */,
				22C4E6481D75552D0077DFCB /* AnimationStateData.h */,
				22C4E6491D75552D0077DFCB /* Atlas.h */,
				22C4E64A1D75552D0077DFCB /* AtlasAttachmentLoader.h */,
				22C4E64B1D75552D0077DFCB /* Attachment.h */,
				22C4E64C1D75552D0077DFCB /* AttachmentLoader.h */,
				22C4E64D1D75552D0077DFCB /* Bone.h */,
				22C4E64E1D75552D0077DFCB /* BoneData.h */,
				22C4E64F1D75552D0077DFCB /* BoundingBoxAttachment.h */,
				22C4E6501D75552D0077DFCB /* Event.h */,
				22C4E6511D75552D0077DFCB /* EventData.h */,
				22C4E6521D75552D0077DFCB /* extension.h */,
				22C4E6531D75552D0077DFCB /* IkConstraint.h */,
				22C4E6541D75552D0077DFCB /* IkConstraintData.h */,
				22C4E6551D75552D0077DFCB /* MeshAttachment.h */,
				22C4E6561D75552D0077DFCB /* PathAttachment.h */,
				22C4E6571D75552D0077DFCB /* PathConstraint.h */,
				22C4E6581D75552D0077DFCB /* PathConstraintData.h */,
				22C4E6591D75552D0077DFCB /* RegionAttachment.h */,
				22C4E65A1D75552D0077DFCB /* Skeleton.h */,
				22C4E65B1D75552D0077DFCB /* SkeletonBinary.h */,
				22C4E65C1D75552D0077DFCB /* SkeletonBounds.h */,
				22C4E65D1D75552D0077DFCB /* SkeletonData.h */,
				22C4E65E1D75552D0077DFCB /* SkeletonJson.h */,
				22C4E65F1D75552D0077DFCB /* Skin.h */,
				22C4E6601D75552D0077DFCB /* Slot.h */,
				22C4E6611D75552D0077DFCB /* SlotData.h */,
				22C4E6621D75552D0077DFCB /* spine.h */,
				22C4E6631D75552D0077DFCB /* TransformConstraint.h */,
				22C4E6641D75552D0077DFCB /* TransformConstraintData.h */,
				22C4E6651D75552D0077DFCB /* VertexAttachment.h */,
			);
			path = spine;
			sourceTree = "<group>";
		};
		22C4E6681D75552D0077DFCB /* src */ = {
			isa = PBXGroup;
			children = (
				22C4E6691D75552D0077DFCB /* spine */,
			);
			path = src;
			sourceTree = "<group>";
		};
		22C4E6691D75552D0077DFCB /* spine */ = {
			isa = PBXGroup;
			children = (
				22C4E66A1D75552D0077DFCB /* Animation.c */,
				22C4E66B1D75552D0077DFCB /* AnimationState.c */,
				22C4E66C1D75552D0077DFCB /* AnimationStateData.c */,
				22C4E66D1D75552D0077DFCB /* Atlas.c */,
				22C4E66E1D75552D0077DFCB /* AtlasAttachmentLoader.c */,
				22C4E66F1D75552D0077DFCB /* Attachment.c */,
				22C4E6701D75552D0077DFCB /* AttachmentLoader.c */,
				22C4E6711D75552D0077DFCB /* Bone.c */,
				22C4E6721D75552D0077DFCB /* BoneData.c */,
				22C4E6731D75552D0077DFCB /* BoundingBoxAttachment.c */,
				22C4E6741D75552D0077DFCB /* Event.c */,
				22C4E6751D75552D0077DFCB /* EventData.c */,
				22C4E6761D75552D0077DFCB /* extension.c */,
				22C4E6771D75552D0077DFCB /* IkConstraint.c */,
				22C4E6781D75552D0077DFCB /* IkConstraintData.c */,
				22C4E6791D75552D0077DFCB /* Json.c */,
				22C4E67A1D75552D0077DFCB /* Json.h */,
				22C4E67B1D75552D0077DFCB /* kvec.h */,
				22C4E67C1D75552D0077DFCB /* MeshAttachment.c */,
				22C4E67D1D75552D0077DFCB /* PathAttachment.c */,
				22C4E67E1D75552D0077DFCB /* PathConstraint.c */,
				22C4E67F1D75552D0077DFCB /* PathConstraintData.c */,
				22C4E6801D75552D0077DFCB /* RegionAttachment.c */,
				22C4E6811D75552D0077DFCB /* Skeleton.c */,
				22C4E6821D75552D0077DFCB /* SkeletonBinary.c */,
				22C4E6831D75552D0077DFCB /* SkeletonBounds.c */,
				22C4E6841D75552D0077DFCB /* SkeletonData.c */,
				22C4E6851D75552D0077DFCB /* SkeletonJson.c */,
				22C4E6861D75552D0077DFCB /* Skin.c */,
				22C4E6871D75552D0077DFCB /* Slot.c */,
				22C4E6881D75552D0077DFCB /* SlotData.c */,
				22C4E6891D75552D0077DFCB /* TransformConstraint.c */,
				22C4E68A1D75552D0077DFCB /* TransformConstraintData.c */,
				22C4E68B1D75552D0077DFCB /* VertexAttachment.c */,
			);
			path = spine;
			sourceTree = "<group>";
		};
		22E6F3E61D98611100C6288D /* font */ = {
			isa = PBXGroup;
			children = (
				221A5F0B1D9866B5004B1516 /* Segan.ttf */,
				221A5F0D1D98695C004B1516 /* Aaargh.ttf */,
				221A5F0F1D986A8C004B1516 /* Adamina-Regular.ttf */,
				221A5F111D986C57004B1516 /* Metropolis-ExtraLight.otf */,
			);
			name = font;
			sourceTree = "<group>";
		};
/* End PBXGroup section */

/* Begin PBXNativeTarget section */
		222DD82F1D48843100A70FA8 /* Defender */ = {
			isa = PBXNativeTarget;
			buildConfigurationList = 222DD8461D48843100A70FA8 /* Build configuration list for PBXNativeTarget "Defender" */;
			buildPhases = (
				222DD82C1D48843100A70FA8 /* Sources */,
				222DD82D1D48843100A70FA8 /* Frameworks */,
				222DD82E1D48843100A70FA8 /* Resources */,
			);
			buildRules = (
			);
			dependencies = (
			);
			name = Defender;
			productName = "High Space";
			productReference = 222DD8301D48843100A70FA8 /* Defender.app */;
			productType = "com.apple.product-type.application";
		};
		22C2BCA41D59846B00C8F1D5 /* Defender Tests */ = {
			isa = PBXNativeTarget;
			buildConfigurationList = 22C2BCAC1D59846C00C8F1D5 /* Build configuration list for PBXNativeTarget "Defender Tests" */;
			buildPhases = (
				22C2BCA11D59846B00C8F1D5 /* Sources */,
				22C2BCA21D59846B00C8F1D5 /* Frameworks */,
				22C2BCA31D59846B00C8F1D5 /* Resources */,
			);
			buildRules = (
			);
			dependencies = (
				22C2BCAB1D59846C00C8F1D5 /* PBXTargetDependency */,
			);
			name = "Defender Tests";
			productName = "Sky's Melody Tests";
			productReference = 22C2BCA51D59846B00C8F1D5 /* Defender Tests.xctest */;
			productType = "com.apple.product-type.bundle.unit-test";
		};
/* End PBXNativeTarget section */

/* Begin PBXProject section */
		222DD8281D48843100A70FA8 /* Project object */ = {
			isa = PBXProject;
			attributes = {
				LastSwiftUpdateCheck = 0730;
				LastUpgradeCheck = 0800;
				ORGANIZATIONNAME = "Chris Luttio";
				TargetAttributes = {
					222DD82F1D48843100A70FA8 = {
						CreatedOnToolsVersion = 7.3;
						DevelopmentTeam = 36J98TSRWU;
						LastSwiftMigration = 0800;
					};
					22C2BCA41D59846B00C8F1D5 = {
						CreatedOnToolsVersion = 7.3;
						LastSwiftMigration = 0800;
						TestTargetID = 222DD82F1D48843100A70FA8;
					};
				};
			};
			buildConfigurationList = 222DD82B1D48843100A70FA8 /* Build configuration list for PBXProject "Defender" */;
			compatibilityVersion = "Xcode 3.2";
			developmentRegion = English;
			hasScannedForEncodings = 0;
			knownRegions = (
				en,
				Base,
			);
			mainGroup = 222DD8271D48843100A70FA8;
			productRefGroup = 222DD8311D48843100A70FA8 /* Products */;
			projectDirPath = "";
			projectRoot = "";
			targets = (
				222DD82F1D48843100A70FA8 /* Defender */,
				22C2BCA41D59846B00C8F1D5 /* Defender Tests */,
			);
		};
/* End PBXProject section */

/* Begin PBXResourcesBuildPhase section */
		222DD82E1D48843100A70FA8 /* Resources */ = {
			isa = PBXResourcesBuildPhase;
			buildActionMask = 2147483647;
			files = (
				22B8C35F1D7D302400806C16 /* spineboy.png in Resources */,
				221A5F101D986B21004B1516 /* Adamina-Regular.ttf in Resources */,
				221A5F0E1D986A39004B1516 /* Aaargh.ttf in Resources */,
				221A5F121D986C60004B1516 /* Metropolis-ExtraLight.otf in Resources */,
				222DD8D51D48854700A70FA8 /* Default.fsh in Resources */,
				222DD8EE1D48854700A70FA8 /* Lighting.fsh in Resources */,
				22B8C3701D8521A300806C16 /* bullet.png in Resources */,
				22C4E56A1D73A99D0077DFCB /* shield-re1.wav in Resources */,
				22B8C37C1D8546D700806C16 /* hit7.wav in Resources */,
				22C4E5661D73A9940077DFCB /* jump1.wav in Resources */,
				22D31C1B1D94D0DE00818AFA /* pickup1.wav in Resources */,
				22C4E68E1D75552D0077DFCB /* org.eclipse.cdt.codan.core.prefs in Resources */,
				22D31C1C1D94D0DE00818AFA /* pickup2.wav in Resources */,
				22D31C241D94D58D00818AFA /* door1.wav in Resources */,
				22B8C35D1D7D302400806C16 /* spineboy.atlas in Resources */,
				22B8C36A1D84F6E000806C16 /* shoot2.wav in Resources */,
				22C4E68D1D75552D0077DFCB /* .project in Resources */,
				22C2BCB61D60244000C8F1D5 /* galaxy.png in Resources */,
				22D31C1E1D94D0E700818AFA /* jet1.wav in Resources */,
				22722BA01D4887B700BFA78A /* MainView.storyboard in Resources */,
				22D31C201D94D0F200818AFA /* hit8.wav in Resources */,
				22C4E6911D75552D0077DFCB /* LICENSE in Resources */,
				22722B9E1D4887A700BFA78A /* Launch Screen.storyboard in Resources */,
				22B8C37A1D85465B00806C16 /* hit6.wav in Resources */,
				22C4E5681D73A9990077DFCB /* make1.wav in Resources */,
				22B8C36C1D84F6EC00806C16 /* hit2.wav in Resources */,
				22D31C221D94D36300818AFA /* gem.png in Resources */,
				22C4E68C1D75552D0077DFCB /* .cproject in Resources */,
				22D31C181D94CD6600818AFA /* book.png in Resources */,
				22B8C3741D85424600806C16 /* hit5.wav in Resources */,
				22C4E55E1D728F2F0077DFCB /* Spawner.png in Resources */,
				22D31C141D94BFE800818AFA /* door.png in Resources */,
				22C4E56C1D73A9A20077DFCB /* shoot1.wav in Resources */,
				22CA67921D90E92E007CB4D3 /* rock.png in Resources */,
				222DD8D61D48854700A70FA8 /* Default.vsh in Resources */,
				22C4E5621D73A9880077DFCB /* hit1.wav in Resources */,
				22B8C3781D85465400806C16 /* charge2.wav in Resources */,
				22C4E5641D73A98E0077DFCB /* explosion1.wav in Resources */,
				22D31C161D94CC6400818AFA /* starship.png in Resources */,
				22722C561D4897C600BFA78A /* Media.xcassets in Resources */,
				22C4E68F1D75552D0077DFCB /* org.eclipse.cdt.managedbuilder.core.prefs in Resources */,
				22B8C3681D8262C400806C16 /* spineboy.json in Resources */,
				22722C171D488D2700BFA78A /* white.png in Resources */,
				22B8C3761D8544A900806C16 /* charge1.wav in Resources */,
				22C4E6901D75552D0077DFCB /* CMakeLists.txt in Resources */,
				22C4E5601D72970C0077DFCB /* Colony.png in Resources */,
				22B8C3721D85424100806C16 /* hit4.wav in Resources */,
				222DD8F01D48854700A70FA8 /* Lighting.vsh in Resources */,
				22CA678E1D90E307007CB4D3 /* planet.png in Resources */,
				221A5F0C1D9866B5004B1516 /* Segan.ttf in Resources */,
				22C4E5561D6FD39F0077DFCB /* Floater.png in Resources */,
			);
			runOnlyForDeploymentPostprocessing = 0;
		};
		22C2BCA31D59846B00C8F1D5 /* Resources */ = {
			isa = PBXResourcesBuildPhase;
			buildActionMask = 2147483647;
			files = (
			);
			runOnlyForDeploymentPostprocessing = 0;
		};
/* End PBXResourcesBuildPhase section */

/* Begin PBXSourcesBuildPhase section */
		222DD82C1D48843100A70FA8 /* Sources */ = {
			isa = PBXSourcesBuildPhase;
			buildActionMask = 2147483647;
			files = (
				222DD8E61D48854700A70FA8 /* GLTextureLoader.m in Sources */,
				222DD8D41D48854700A70FA8 /* PhysicsTypes.swift in Sources */,
				222DD8E01D48854700A70FA8 /* GameViewController.m in Sources */,
				222DD8E31D48854700A70FA8 /* GeneralUI.swift in Sources */,
				222DD8F11D48854700A70FA8 /* main.m in Sources */,
				222DD8C11D48854700A70FA8 /* Audio.swift in Sources */,
				222DD90B1D48854700A70FA8 /* TextureRepo.m in Sources */,
				222DD8C21D48854700A70FA8 /* AudioLibrary.m in Sources */,
				22C4E55A1D7278350077DFCB /* RectSolver.swift in Sources */,
				22C4E6A01D75552D0077DFCB /* IkConstraint.c in Sources */,
				22C4E6AB1D75552D0077DFCB /* SkeletonData.c in Sources */,
				22A9F80C1D5806650097FD61 /* Display.swift in Sources */,
				222DD8F91D48854700A70FA8 /* PolygonSolver.swift in Sources */,
				222DD8CF1D48854700A70FA8 /* CircleSolver.swift in Sources */,
				22C4E6AC1D75552D0077DFCB /* SkeletonJson.c in Sources */,
				22BE5DBF1D6D3BE30038FAA8 /* Grid.swift in Sources */,
				22C4E69C1D75552D0077DFCB /* BoundingBoxAttachment.c in Sources */,
				22C4E6A51D75552D0077DFCB /* PathConstraint.c in Sources */,
				22C4E6AA1D75552D0077DFCB /* SkeletonBounds.c in Sources */,
				22C4E6A71D75552D0077DFCB /* RegionAttachment.c in Sources */,
				22C4E6A41D75552D0077DFCB /* PathAttachment.c in Sources */,
				22C4E6961D75552D0077DFCB /* Atlas.c in Sources */,
				22B8C3581D7B6B1400806C16 /* GridTypes.swift in Sources */,
				222DD8C31D48854700A70FA8 /* Aux.swift in Sources */,
				22C4E6AF1D75552D0077DFCB /* SlotData.c in Sources */,
				222DD8EF1D48854700A70FA8 /* Lighting.swift in Sources */,
				222DD9121D48854700A70FA8 /* VisualHelpers.swift in Sources */,
				222DD9091D48854700A70FA8 /* Texture.m in Sources */,
				22C4E6AD1D75552D0077DFCB /* Skin.c in Sources */,
				222DD8CB1D48854700A70FA8 /* Broadphase.swift in Sources */,
				22C4E56E1D750EA20077DFCB /* LightingSystem.swift in Sources */,
				222DD8C01D48854700A70FA8 /* Atlas.swift in Sources */,
				22C4E6951D75552D0077DFCB /* AnimationStateData.c in Sources */,
				22C4E6A91D75552D0077DFCB /* SkeletonBinary.c in Sources */,
				222DD9101D48854700A70FA8 /* Visual.swift in Sources */,
				22C4E69D1D75552D0077DFCB /* Event.c in Sources */,
				22C4E6B51D7557B00077DFCB /* SpineAdapter.m in Sources */,
				222DD8CA1D48854700A70FA8 /* Bridge.m in Sources */,
				22B8C3661D81321C00806C16 /* SkeletonAdaptor.swift in Sources */,
				222DD8F71D48854700A70FA8 /* Physics.swift in Sources */,
				222DD8E91D48854700A70FA8 /* Graphics.swift in Sources */,
				222DD8DC1D48854700A70FA8 /* Game.swift in Sources */,
				222DD8BC1D48854700A70FA8 /* Animation.swift in Sources */,
				222DD9061D48854700A70FA8 /* Shapes.swift in Sources */,
				222DD8D21D48854700A70FA8 /* CreationTypes.swift in Sources */,
				222DD90A1D48854700A70FA8 /* TextureReader.swift in Sources */,
				222DD8CC1D48854700A70FA8 /* Camera.swift in Sources */,
				22C4E6AE1D75552D0077DFCB /* Slot.c in Sources */,
				222DD8EC1D48854700A70FA8 /* Interaction.swift in Sources */,
				222DD8D81D48854700A70FA8 /* DynamicText.m in Sources */,
				22C4E6B11D75552D0077DFCB /* TransformConstraintData.c in Sources */,
				222DD9071D48854700A70FA8 /* Solver.swift in Sources */,
				22C4E69E1D75552D0077DFCB /* EventData.c in Sources */,
				222DD8D11D48854700A70FA8 /* core.swift in Sources */,
				222DD8ED1D48854700A70FA8 /* Light.swift in Sources */,
				22C4E6971D75552D0077DFCB /* AtlasAttachmentLoader.c in Sources */,
				222DD8D01D48854700A70FA8 /* Controller.swift in Sources */,
				22C4E6991D75552D0077DFCB /* AttachmentLoader.c in Sources */,
				22C4E69A1D75552D0077DFCB /* Bone.c in Sources */,
				22B8C3641D7D4DFC00806C16 /* SpineRenderer.m in Sources */,
				222DD8E71D48854700A70FA8 /* GLVisualDisplay.m in Sources */,
				222DD90D1D48854700A70FA8 /* UserInterface.swift in Sources */,
				22BE5DBD1D66C1EC0038FAA8 /* Dreath.swift in Sources */,
				22C4E6A11D75552D0077DFCB /* IkConstraintData.c in Sources */,
				227BF5F51D87C2F3006C3CEA /* Map.swift in Sources */,
				22C4E5581D6FF08F0077DFCB /* Quadtree.swift in Sources */,
				22C4E6931D75552D0077DFCB /* Animation.c in Sources */,
				222DD90E1D48854700A70FA8 /* Utlity.swift in Sources */,
				222DD8CE1D48854700A70FA8 /* CirclePolygonSolver.swift in Sources */,
				222DD9021D48854700A70FA8 /* Shader.m in Sources */,
				222DD9081D48854700A70FA8 /* StateDevice.swift in Sources */,
				22A9F80E1D5818DD0097FD61 /* Basic.swift in Sources */,
				22C4E6A61D75552D0077DFCB /* PathConstraintData.c in Sources */,
				22C4E6941D75552D0077DFCB /* AnimationState.c in Sources */,
				221A5F141D9B67DE004B1516 /* InGameViews.swift in Sources */,
				22C4E6921D75552D0077DFCB /* README.md in Sources */,
				22C4E69B1D75552D0077DFCB /* BoneData.c in Sources */,
				22D31C261D976AB500818AFA /* Items.swift in Sources */,
				22C4E69F1D75552D0077DFCB /* extension.c in Sources */,
				22C4E6A81D75552D0077DFCB /* Skeleton.c in Sources */,
				222DD8BD1D48854700A70FA8 /* AppDelegate.m in Sources */,
				22B8C37E1D8669B200806C16 /* Level.swift in Sources */,
				222DD9031D48854700A70FA8 /* ShaderLoader.m in Sources */,
				222DD9011D48854700A70FA8 /* Screens.swift in Sources */,
				22C4E6981D75552D0077DFCB /* Attachment.c in Sources */,
				22C2BCB01D5D7C5600C8F1D5 /* Creator.swift in Sources */,
				22C4E6A21D75552D0077DFCB /* Json.c in Sources */,
				222DD8DF1D48854700A70FA8 /* GameUI.swift in Sources */,
				22C4E6B21D75552D0077DFCB /* VertexAttachment.c in Sources */,
				22C4E6A31D75552D0077DFCB /* MeshAttachment.c in Sources */,
				22C4E6B01D75552D0077DFCB /* TransformConstraint.c in Sources */,
			);
			runOnlyForDeploymentPostprocessing = 0;
		};
		22C2BCA11D59846B00C8F1D5 /* Sources */ = {
			isa = PBXSourcesBuildPhase;
			buildActionMask = 2147483647;
			files = (
				22C2BCA81D59846C00C8F1D5 /* Sky_s_Melody_Tests.swift in Sources */,
			);
			runOnlyForDeploymentPostprocessing = 0;
		};
/* End PBXSourcesBuildPhase section */

/* Begin PBXTargetDependency section */
		22C2BCAB1D59846C00C8F1D5 /* PBXTargetDependency */ = {
			isa = PBXTargetDependency;
			target = 222DD82F1D48843100A70FA8 /* Defender */;
			targetProxy = 22C2BCAA1D59846C00C8F1D5 /* PBXContainerItemProxy */;
		};
/* End PBXTargetDependency section */

/* Begin XCBuildConfiguration section */
		222DD8441D48843100A70FA8 /* Debug */ = {
			isa = XCBuildConfiguration;
			buildSettings = {
				ALWAYS_EMBED_SWIFT_STANDARD_LIBRARIES = NO;
				ALWAYS_SEARCH_USER_PATHS = NO;
				CLANG_ANALYZER_NONNULL = YES;
				CLANG_CXX_LANGUAGE_STANDARD = "gnu++0x";
				CLANG_CXX_LIBRARY = "libc++";
				CLANG_ENABLE_MODULES = YES;
				CLANG_ENABLE_OBJC_ARC = YES;
				CLANG_WARN_BOOL_CONVERSION = YES;
				CLANG_WARN_CONSTANT_CONVERSION = YES;
				CLANG_WARN_DIRECT_OBJC_ISA_USAGE = YES_ERROR;
				CLANG_WARN_EMPTY_BODY = YES;
				CLANG_WARN_ENUM_CONVERSION = YES;
				CLANG_WARN_INFINITE_RECURSION = YES;
				CLANG_WARN_INT_CONVERSION = YES;
				CLANG_WARN_OBJC_ROOT_CLASS = YES_ERROR;
				CLANG_WARN_SUSPICIOUS_MOVE = YES;
				CLANG_WARN_UNREACHABLE_CODE = YES;
				CLANG_WARN__DUPLICATE_METHOD_MATCH = YES;
				"CODE_SIGN_IDENTITY[sdk=iphoneos*]" = "iPhone Developer";
				COPY_PHASE_STRIP = NO;
				DEBUG_INFORMATION_FORMAT = "dwarf-with-dsym";
				ENABLE_STRICT_OBJC_MSGSEND = YES;
				ENABLE_TESTABILITY = YES;
				GCC_C_LANGUAGE_STANDARD = gnu99;
				GCC_DYNAMIC_NO_PIC = NO;
				GCC_NO_COMMON_BLOCKS = YES;
				GCC_OPTIMIZATION_LEVEL = 0;
				GCC_PREPROCESSOR_DEFINITIONS = (
					"DEBUG=1",
					"$(inherited)",
				);
				GCC_WARN_64_TO_32_BIT_CONVERSION = YES;
				GCC_WARN_ABOUT_RETURN_TYPE = YES_ERROR;
				GCC_WARN_UNDECLARED_SELECTOR = YES;
				GCC_WARN_UNINITIALIZED_AUTOS = YES_AGGRESSIVE;
				GCC_WARN_UNUSED_FUNCTION = YES;
				GCC_WARN_UNUSED_VARIABLE = YES;
				IPHONEOS_DEPLOYMENT_TARGET = 10.0;
				MTL_ENABLE_DEBUG_INFO = YES;
				ONLY_ACTIVE_ARCH = YES;
				SDKROOT = iphoneos;
				SWIFT_OPTIMIZATION_LEVEL = "-Onone";
			};
			name = Debug;
		};
		222DD8451D48843100A70FA8 /* Release */ = {
			isa = XCBuildConfiguration;
			buildSettings = {
				ALWAYS_EMBED_SWIFT_STANDARD_LIBRARIES = NO;
				ALWAYS_SEARCH_USER_PATHS = NO;
				CLANG_ANALYZER_NONNULL = YES;
				CLANG_CXX_LANGUAGE_STANDARD = "gnu++0x";
				CLANG_CXX_LIBRARY = "libc++";
				CLANG_ENABLE_MODULES = YES;
				CLANG_ENABLE_OBJC_ARC = YES;
				CLANG_WARN_BOOL_CONVERSION = YES;
				CLANG_WARN_CONSTANT_CONVERSION = YES;
				CLANG_WARN_DIRECT_OBJC_ISA_USAGE = YES_ERROR;
				CLANG_WARN_EMPTY_BODY = YES;
				CLANG_WARN_ENUM_CONVERSION = YES;
				CLANG_WARN_INFINITE_RECURSION = YES;
				CLANG_WARN_INT_CONVERSION = YES;
				CLANG_WARN_OBJC_ROOT_CLASS = YES_ERROR;
				CLANG_WARN_SUSPICIOUS_MOVE = YES;
				CLANG_WARN_UNREACHABLE_CODE = YES;
				CLANG_WARN__DUPLICATE_METHOD_MATCH = YES;
				"CODE_SIGN_IDENTITY[sdk=iphoneos*]" = "iPhone Developer";
				COPY_PHASE_STRIP = NO;
				DEBUG_INFORMATION_FORMAT = "dwarf-with-dsym";
				ENABLE_NS_ASSERTIONS = NO;
				ENABLE_STRICT_OBJC_MSGSEND = YES;
				GCC_C_LANGUAGE_STANDARD = gnu99;
				GCC_NO_COMMON_BLOCKS = YES;
				GCC_WARN_64_TO_32_BIT_CONVERSION = YES;
				GCC_WARN_ABOUT_RETURN_TYPE = YES_ERROR;
				GCC_WARN_UNDECLARED_SELECTOR = YES;
				GCC_WARN_UNINITIALIZED_AUTOS = YES_AGGRESSIVE;
				GCC_WARN_UNUSED_FUNCTION = YES;
				GCC_WARN_UNUSED_VARIABLE = YES;
				IPHONEOS_DEPLOYMENT_TARGET = 10.0;
				MTL_ENABLE_DEBUG_INFO = NO;
				SDKROOT = iphoneos;
				SWIFT_OPTIMIZATION_LEVEL = "-Owholemodule";
				VALIDATE_PRODUCT = YES;
			};
			name = Release;
		};
		222DD8471D48843100A70FA8 /* Debug */ = {
			isa = XCBuildConfiguration;
			buildSettings = {
				ALWAYS_EMBED_SWIFT_STANDARD_LIBRARIES = YES;
				ASSETCATALOG_COMPILER_APPICON_NAME = AppIcon;
				CLANG_ENABLE_MODULES = YES;
				CODE_SIGN_IDENTITY = "iPhone Developer";
				DEVELOPMENT_TEAM = 36J98TSRWU;
				GCC_UNROLL_LOOPS = YES;
				HEADER_SEARCH_PATHS = "spine-c/include/**";
				INFOPLIST_FILE = "High Space/Info.plist";
				IPHONEOS_DEPLOYMENT_TARGET = 10.0;
				LD_RUNPATH_SEARCH_PATHS = "$(inherited) @executable_path/Frameworks";
				OTHER_CFLAGS = "";
				PRODUCT_BUNDLE_IDENTIFIER = "Chris-Luttio.Defender";
				PRODUCT_NAME = Defender;
				SWIFT_OBJC_BRIDGING_HEADER = "High Space/High Space-Bridging-Header.h";
				SWIFT_OPTIMIZATION_LEVEL = "-Owholemodule";
				SWIFT_VERSION = 3.0;
			};
			name = Debug;
		};
		222DD8481D48843100A70FA8 /* Release */ = {
			isa = XCBuildConfiguration;
			buildSettings = {
				ALWAYS_EMBED_SWIFT_STANDARD_LIBRARIES = YES;
				ASSETCATALOG_COMPILER_APPICON_NAME = AppIcon;
				CLANG_ENABLE_MODULES = YES;
				CODE_SIGN_IDENTITY = "iPhone Developer";
				DEVELOPMENT_TEAM = 36J98TSRWU;
				GCC_UNROLL_LOOPS = YES;
				HEADER_SEARCH_PATHS = "spine-c/include/**";
				INFOPLIST_FILE = "High Space/Info.plist";
				IPHONEOS_DEPLOYMENT_TARGET = 10.0;
				LD_RUNPATH_SEARCH_PATHS = "$(inherited) @executable_path/Frameworks";
				OTHER_CFLAGS = "";
				PRODUCT_BUNDLE_IDENTIFIER = "Chris-Luttio.Defender";
				PRODUCT_NAME = Defender;
				SWIFT_OBJC_BRIDGING_HEADER = "High Space/High Space-Bridging-Header.h";
				SWIFT_OPTIMIZATION_LEVEL = "-Owholemodule";
				SWIFT_VERSION = 3.0;
			};
			name = Release;
		};
		22C2BCAD1D59846C00C8F1D5 /* Debug */ = {
			isa = XCBuildConfiguration;
			buildSettings = {
				BUNDLE_LOADER = "$(TEST_HOST)";
				DEBUG_INFORMATION_FORMAT = dwarf;
				INFOPLIST_FILE = "Sky's Melody Tests/Info.plist";
				LD_RUNPATH_SEARCH_PATHS = "$(inherited) @executable_path/Frameworks @loader_path/Frameworks";
				PRODUCT_BUNDLE_IDENTIFIER = "Chris-Luttio.Sky-s-Melody-Tests";
				PRODUCT_NAME = "$(TARGET_NAME)";
				SWIFT_VERSION = 3.0;
				TEST_HOST = "$(BUILT_PRODUCTS_DIR)/Defender.app/Defender";
			};
			name = Debug;
		};
		22C2BCAE1D59846C00C8F1D5 /* Release */ = {
			isa = XCBuildConfiguration;
			buildSettings = {
				BUNDLE_LOADER = "$(TEST_HOST)";
				INFOPLIST_FILE = "Sky's Melody Tests/Info.plist";
				LD_RUNPATH_SEARCH_PATHS = "$(inherited) @executable_path/Frameworks @loader_path/Frameworks";
				PRODUCT_BUNDLE_IDENTIFIER = "Chris-Luttio.Sky-s-Melody-Tests";
				PRODUCT_NAME = "$(TARGET_NAME)";
				SWIFT_VERSION = 3.0;
				TEST_HOST = "$(BUILT_PRODUCTS_DIR)/Defender.app/Defender";
			};
			name = Release;
		};
/* End XCBuildConfiguration section */

/* Begin XCConfigurationList section */
		222DD82B1D48843100A70FA8 /* Build configuration list for PBXProject "Defender" */ = {
			isa = XCConfigurationList;
			buildConfigurations = (
				222DD8441D48843100A70FA8 /* Debug */,
				222DD8451D48843100A70FA8 /* Release */,
			);
			defaultConfigurationIsVisible = 0;
			defaultConfigurationName = Release;
		};
		222DD8461D48843100A70FA8 /* Build configuration list for PBXNativeTarget "Defender" */ = {
			isa = XCConfigurationList;
			buildConfigurations = (
				222DD8471D48843100A70FA8 /* Debug */,
				222DD8481D48843100A70FA8 /* Release */,
			);
			defaultConfigurationIsVisible = 0;
			defaultConfigurationName = Release;
		};
		22C2BCAC1D59846C00C8F1D5 /* Build configuration list for PBXNativeTarget "Defender Tests" */ = {
			isa = XCConfigurationList;
			buildConfigurations = (
				22C2BCAD1D59846C00C8F1D5 /* Debug */,
				22C2BCAE1D59846C00C8F1D5 /* Release */,
			);
			defaultConfigurationIsVisible = 0;
			defaultConfigurationName = Release;
		};
/* End XCConfigurationList section */
	};
	rootObject = 222DD8281D48843100A70FA8 /* Project object */;
}
